// !$*UTF8*$!
{
	archiveVersion = 1;
	classes = {
	};
	objectVersion = 50;
	objects = {

/* Begin PBXBuildFile section */
		AA578FAE237CED6A004EE8C5 /* AppDelegate.swift in Sources */ = {isa = PBXBuildFile; fileRef = AA578FAD237CED6A004EE8C5 /* AppDelegate.swift */; };
		AA578FB0237CED6A004EE8C5 /* ContentView.swift in Sources */ = {isa = PBXBuildFile; fileRef = AA578FAF237CED6A004EE8C5 /* ContentView.swift */; };
		AA578FB2237CED6B004EE8C5 /* Assets.xcassets in Resources */ = {isa = PBXBuildFile; fileRef = AA578FB1237CED6B004EE8C5 /* Assets.xcassets */; };
		AA578FB5237CED6B004EE8C5 /* Preview Assets.xcassets in Resources */ = {isa = PBXBuildFile; fileRef = AA578FB4237CED6B004EE8C5 /* Preview Assets.xcassets */; };
		AA578FB8237CED6B004EE8C5 /* Main.storyboard in Resources */ = {isa = PBXBuildFile; fileRef = AA578FB6237CED6B004EE8C5 /* Main.storyboard */; };
/* End PBXBuildFile section */

/* Begin PBXFileReference section */
		AA578FAA237CED6A004EE8C5 /* scroll-view.app */ = {isa = PBXFileReference; explicitFileType = wrapper.application; includeInIndex = 0; path = "scroll-view.app"; sourceTree = BUILT_PRODUCTS_DIR; };
		AA578FAD237CED6A004EE8C5 /* AppDelegate.swift */ = {isa = PBXFileReference; lastKnownFileType = sourcecode.swift; path = AppDelegate.swift; sourceTree = "<group>"; };
		AA578FAF237CED6A004EE8C5 /* ContentView.swift */ = {isa = PBXFileReference; lastKnownFileType = sourcecode.swift; path = ContentView.swift; sourceTree = "<group>"; };
		AA578FB1237CED6B004EE8C5 /* Assets.xcassets */ = {isa = PBXFileReference; lastKnownFileType = folder.assetcatalog; path = Assets.xcassets; sourceTree = "<group>"; };
		AA578FB4237CED6B004EE8C5 /* Preview Assets.xcassets */ = {isa = PBXFileReference; lastKnownFileType = folder.assetcatalog; path = "Preview Assets.xcassets"; sourceTree = "<group>"; };
		AA578FB7237CED6B004EE8C5 /* Base */ = {isa = PBXFileReference; lastKnownFileType = file.storyboard; name = Base; path = Base.lproj/Main.storyboard; sourceTree = "<group>"; };
		AA578FB9237CED6B004EE8C5 /* Info.plist */ = {isa = PBXFileReference; lastKnownFileType = text.plist.xml; path = Info.plist; sourceTree = "<group>"; };
		AA578FBA237CED6B004EE8C5 /* scroll_view.entitlements */ = {isa = PBXFileReference; lastKnownFileType = text.plist.entitlements; path = scroll_view.entitlements; sourceTree = "<group>"; };
/* End PBXFileReference section */

/* Begin PBXFrameworksBuildPhase section */
		AA578FA7237CED6A004EE8C5 /* Frameworks */ = {
			isa = PBXFrameworksBuildPhase;
			buildActionMask = 2147483647;
			files = (
			);
			runOnlyForDeploymentPostprocessing = 0;
		};
/* End PBXFrameworksBuildPhase section */

/* Begin PBXGroup section */
		AA578FA1237CED6A004EE8C5 = {
			isa = PBXGroup;
			children = (
				AA578FAC237CED6A004EE8C5 /* scroll-view */,
				AA578FAB237CED6A004EE8C5 /* Products */,
			);
			sourceTree = "<group>";
		};
		AA578FAB237CED6A004EE8C5 /* Products */ = {
			isa = PBXGroup;
			children = (
				AA578FAA237CED6A004EE8C5 /* scroll-view.app */,
			);
			name = Products;
			sourceTree = "<group>";
		};
		AA578FAC237CED6A004EE8C5 /* scroll-view */ = {
			isa = PBXGroup;
			children = (
				AA578FAD237CED6A004EE8C5 /* AppDelegate.swift */,
				AA578FAF237CED6A004EE8C5 /* ContentView.swift */,
				AA578FB1237CED6B004EE8C5 /* Assets.xcassets */,
				AA578FB6237CED6B004EE8C5 /* Main.storyboard */,
				AA578FB9237CED6B004EE8C5 /* Info.plist */,
				AA578FBA237CED6B004EE8C5 /* scroll_view.entitlements */,
				AA578FB3237CED6B004EE8C5 /* Preview Content */,
			);
			path = "scroll-view";
			sourceTree = "<group>";
		};
		AA578FB3237CED6B004EE8C5 /* Preview Content */ = {
			isa = PBXGroup;
			children = (
				AA578FB4237CED6B004EE8C5 /* Preview Assets.xcassets */,
			);
			path = "Preview Content";
			sourceTree = "<group>";
		};
/* End PBXGroup section */

/* Begin PBXNativeTarget section */
		AA578FA9237CED6A004EE8C5 /* scroll-view */ = {
			isa = PBXNativeTarget;
			buildConfigurationList = AA578FBD237CED6B004EE8C5 /* Build configuration list for PBXNativeTarget "scroll-view" */;
			buildPhases = (
				AA578FA6237CED6A004EE8C5 /* Sources */,
				AA578FA7237CED6A004EE8C5 /* Frameworks */,
				AA578FA8237CED6A004EE8C5 /* Resources */,
			);
			buildRules = (
			);
			dependencies = (
			);
			name = "scroll-view";
			productName = "scroll-view";
			productReference = AA578FAA237CED6A004EE8C5 /* scroll-view.app */;
			productType = "com.apple.product-type.application";
		};
/* End PBXNativeTarget section */

/* Begin PBXProject section */
		AA578FA2237CED6A004EE8C5 /* Project object */ = {
			isa = PBXProject;
			attributes = {
				LastSwiftUpdateCheck = 1120;
				LastUpgradeCheck = 1160;
				ORGANIZATIONNAME = "Gavin Wiggins";
				TargetAttributes = {
					AA578FA9237CED6A004EE8C5 = {
						CreatedOnToolsVersion = 11.2.1;
					};
				};
			};
			buildConfigurationList = AA578FA5237CED6A004EE8C5 /* Build configuration list for PBXProject "scroll-view" */;
			compatibilityVersion = "Xcode 9.3";
			developmentRegion = en;
			hasScannedForEncodings = 0;
			knownRegions = (
				en,
				Base,
			);
			mainGroup = AA578FA1237CED6A004EE8C5;
			productRefGroup = AA578FAB237CED6A004EE8C5 /* Products */;
			projectDirPath = "";
			projectRoot = "";
			targets = (
				AA578FA9237CED6A004EE8C5 /* scroll-view */,
			);
		};
/* End PBXProject section */

/* Begin PBXResourcesBuildPhase section */
		AA578FA8237CED6A004EE8C5 /* Resources */ = {
			isa = PBXResourcesBuildPhase;
			buildActionMask = 2147483647;
			files = (
				AA578FB8237CED6B004EE8C5 /* Main.storyboard in Resources */,
				AA578FB5237CED6B004EE8C5 /* Preview Assets.xcassets in Resources */,
				AA578FB2237CED6B004EE8C5 /* Assets.xcassets in Resources */,
			);
			runOnlyForDeploymentPostprocessing = 0;
		};
/* End PBXResourcesBuildPhase section */

/* Begin PBXSourcesBuildPhase section */
		AA578FA6237CED6A004EE8C5 /* Sources */ = {
			isa = PBXSourcesBuildPhase;
			buildActionMask = 2147483647;
			files = (
				AA578FB0237CED6A004EE8C5 /* ContentView.swift in Sources */,
				AA578FAE237CED6A004EE8C5 /* AppDelegate.swift in Sources */,
			);
			runOnlyForDeploymentPostprocessing = 0;
		};
/* End PBXSourcesBuildPhase section */

/* Begin PBXVariantGroup section */
		AA578FB6237CED6B004EE8C5 /* Main.storyboard */ = {
			isa = PBXVariantGroup;
			children = (
				AA578FB7237CED6B004EE8C5 /* Base */,
			);
			name = Main.storyboard;
			sourceTree = "<group>";
		};
/* End PBXVariantGroup section */

/* Begin XCBuildConfiguration section */
		AA578FBB237CED6B004EE8C5 /* Debug */ = {
			isa = XCBuildConfiguration;
			buildSettings = {
				ALWAYS_SEARCH_USER_PATHS = NO;
				CLANG_ANALYZER_NONNULL = YES;
				CLANG_ANALYZER_NUMBER_OBJECT_CONVERSION = YES_AGGRESSIVE;
				CLANG_CXX_LANGUAGE_STANDARD = "gnu++14";
				CLANG_CXX_LIBRARY = "libc++";
				CLANG_ENABLE_MODULES = YES;
				CLANG_ENABLE_OBJC_ARC = YES;
				CLANG_ENABLE_OBJC_WEAK = YES;
				CLANG_WARN_BLOCK_CAPTURE_AUTORELEASING = YES;
				CLANG_WARN_BOOL_CONVERSION = YES;
				CLANG_WARN_COMMA = YES;
				CLANG_WARN_CONSTANT_CONVERSION = YES;
				CLANG_WARN_DEPRECATED_OBJC_IMPLEMENTATIONS = YES;
				CLANG_WARN_DIRECT_OBJC_ISA_USAGE = YES_ERROR;
				CLANG_WARN_DOCUMENTATION_COMMENTS = YES;
				CLANG_WARN_EMPTY_BODY = YES;
				CLANG_WARN_ENUM_CONVERSION = YES;
				CLANG_WARN_INFINITE_RECURSION = YES;
				CLANG_WARN_INT_CONVERSION = YES;
				CLANG_WARN_NON_LITERAL_NULL_CONVERSION = YES;
				CLANG_WARN_OBJC_IMPLICIT_RETAIN_SELF = YES;
				CLANG_WARN_OBJC_LITERAL_CONVERSION = YES;
				CLANG_WARN_OBJC_ROOT_CLASS = YES_ERROR;
				CLANG_WARN_RANGE_LOOP_ANALYSIS = YES;
				CLANG_WARN_STRICT_PROTOTYPES = YES;
				CLANG_WARN_SUSPICIOUS_MOVE = YES;
				CLANG_WARN_UNGUARDED_AVAILABILITY = YES_AGGRESSIVE;
				CLANG_WARN_UNREACHABLE_CODE = YES;
				CLANG_WARN__DUPLICATE_METHOD_MATCH = YES;
				COPY_PHASE_STRIP = NO;
				DEBUG_INFORMATION_FORMAT = dwarf;
				ENABLE_STRICT_OBJC_MSGSEND = YES;
				ENABLE_TESTABILITY = YES;
				GCC_C_LANGUAGE_STANDARD = gnu11;
				GCC_DYNAMIC_NO_PIC = NO;
				GCC_NO_COMMON_BLOCKS = YES;
				GCC_OPTIMIZATION_LEVEL = 0;
				GCC_PREPROCESSOR_DEFINITIONS = (
					"DEBUG=1",
					"$(inherited)",
				);
				GCC_WARN_64_TO_32_BIT_CONVERSION = YES;
				GCC_WARN_ABOUT_RETURN_TYPE = YES_ERROR;
				GCC_WARN_UNDECLARED_SELECTOR = YES;
				GCC_WARN_UNINITIALIZED_AUTOS = YES_AGGRESSIVE;
				GCC_WARN_UNUSED_FUNCTION = YES;
				GCC_WARN_UNUSED_VARIABLE = YES;
				MACOSX_DEPLOYMENT_TARGET = 10.15;
				MTL_ENABLE_DEBUG_INFO = INCLUDE_SOURCE;
				MTL_FAST_MATH = YES;
				ONLY_ACTIVE_ARCH = YES;
				SDKROOT = macosx;
				SWIFT_ACTIVE_COMPILATION_CONDITIONS = DEBUG;
				SWIFT_OPTIMIZATION_LEVEL = "-Onone";
			};
			name = Debug;
		};
		AA578FBC237CED6B004EE8C5 /* Release */ = {
			isa = XCBuildConfiguration;
			buildSettings = {
				ALWAYS_SEARCH_USER_PATHS = NO;
				CLANG_ANALYZER_NONNULL = YES;
				CLANG_ANALYZER_NUMBER_OBJECT_CONVERSION = YES_AGGRESSIVE;
				CLANG_CXX_LANGUAGE_STANDARD = "gnu++14";
				CLANG_CXX_LIBRARY = "libc++";
				CLANG_ENABLE_MODULES = YES;
				CLANG_ENABLE_OBJC_ARC = YES;
				CLANG_ENABLE_OBJC_WEAK = YES;
				CLANG_WARN_BLOCK_CAPTURE_AUTORELEASING = YES;
				CLANG_WARN_BOOL_CONVERSION = YES;
				CLANG_WARN_COMMA = YES;
				CLANG_WARN_CONSTANT_CONVERSION = YES;
				CLANG_WARN_DEPRECATED_OBJC_IMPLEMENTATIONS = YES;
				CLANG_WARN_DIRECT_OBJC_ISA_USAGE = YES_ERROR;
				CLANG_WARN_DOCUMENTATION_COMMENTS = YES;
				CLANG_WARN_EMPTY_BODY = YES;
				CLANG_WARN_ENUM_CONVERSION = YES;
				CLANG_WARN_INFINITE_RECURSION = YES;
				CLANG_WARN_INT_CONVERSION = YES;
				CLANG_WARN_NON_LITERAL_NULL_CONVERSION = YES;
				CLANG_WARN_OBJC_IMPLICIT_RETAIN_SELF = YES;
				CLANG_WARN_OBJC_LITERAL_CONVERSION = YES;
				CLANG_WARN_OBJC_ROOT_CLASS = YES_ERROR;
				CLANG_WARN_RANGE_LOOP_ANALYSIS = YES;
				CLANG_WARN_STRICT_PROTOTYPES = YES;
				CLANG_WARN_SUSPICIOUS_MOVE = YES;
				CLANG_WARN_UNGUARDED_AVAILABILITY = YES_AGGRESSIVE;
				CLANG_WARN_UNREACHABLE_CODE = YES;
				CLANG_WARN__DUPLICATE_METHOD_MATCH = YES;
				COPY_PHASE_STRIP = NO;
				DEBUG_INFORMATION_FORMAT = "dwarf-with-dsym";
				ENABLE_NS_ASSERTIONS = NO;
				ENABLE_STRICT_OBJC_MSGSEND = YES;
				GCC_C_LANGUAGE_STANDARD = gnu11;
				GCC_NO_COMMON_BLOCKS = YES;
				GCC_WARN_64_TO_32_BIT_CONVERSION = YES;
				GCC_WARN_ABOUT_RETURN_TYPE = YES_ERROR;
				GCC_WARN_UNDECLARED_SELECTOR = YES;
				GCC_WARN_UNINITIALIZED_AUTOS = YES_AGGRESSIVE;
				GCC_WARN_UNUSED_FUNCTION = YES;
				GCC_WARN_UNUSED_VARIABLE = YES;
				MACOSX_DEPLOYMENT_TARGET = 10.15;
				MTL_ENABLE_DEBUG_INFO = NO;
				MTL_FAST_MATH = YES;
				SDKROOT = macosx;
				SWIFT_COMPILATION_MODE = wholemodule;
				SWIFT_OPTIMIZATION_LEVEL = "-O";
			};
			name = Release;
		};
		AA578FBE237CED6B004EE8C5 /* Debug */ = {
			isa = XCBuildConfiguration;
			buildSettings = {
				ASSETCATALOG_COMPILER_APPICON_NAME = AppIcon;
				CODE_SIGN_ENTITLEMENTS = "scroll-view/scroll_view.entitlements";
				CODE_SIGN_IDENTITY = "-";
				CODE_SIGN_STYLE = Automatic;
				COMBINE_HIDPI_IMAGES = YES;
				DEVELOPMENT_ASSET_PATHS = "\"scroll-view/Preview Content\"";
				ENABLE_PREVIEWS = YES;
				INFOPLIST_FILE = "scroll-view/Info.plist";
				LD_RUNPATH_SEARCH_PATHS = (
					"$(inherited)",
					"@executable_path/../Frameworks",
				);
				MACOSX_DEPLOYMENT_TARGET = 10.15;
				PRODUCT_BUNDLE_IDENTIFIER = "com.GavinWiggins.scroll-view";
				PRODUCT_NAME = "$(TARGET_NAME)";
				SWIFT_VERSION = 5.0;
			};
			name = Debug;
		};
		AA578FBF237CED6B004EE8C5 /* Release */ = {
			isa = XCBuildConfiguration;
			buildSettings = {
				ASSETCATALOG_COMPILER_APPICON_NAME = AppIcon;
				CODE_SIGN_ENTITLEMENTS = "scroll-view/scroll_view.entitlements";
				CODE_SIGN_IDENTITY = "-";
				CODE_SIGN_STYLE = Automatic;
				COMBINE_HIDPI_IMAGES = YES;
				DEVELOPMENT_ASSET_PATHS = "\"scroll-view/Preview Content\"";
				ENABLE_PREVIEWS = YES;
				INFOPLIST_FILE = "scroll-view/Info.plist";
				LD_RUNPATH_SEARCH_PATHS = (
					"$(inherited)",
					"@executable_path/../Frameworks",
				);
				MACOSX_DEPLOYMENT_TARGET = 10.15;
				PRODUCT_BUNDLE_IDENTIFIER = "com.GavinWiggins.scroll-view";
				PRODUCT_NAME = "$(TARGET_NAME)";
				SWIFT_VERSION = 5.0;
			};
			name = Release;
		};
/* End XCBuildConfiguration section */

/* Begin XCConfigurationList section */
		AA578FA5237CED6A004EE8C5 /* Build configuration list for PBXProject "scroll-view" */ = {
			isa = XCConfigurationList;
			buildConfigurations = (
				AA578FBB237CED6B004EE8C5 /* Debug */,
				AA578FBC237CED6B004EE8C5 /* Release */,
			);
			defaultConfigurationIsVisible = 0;
			defaultConfigurationName = Release;
		};
		AA578FBD237CED6B004EE8C5 /* Build configuration list for PBXNativeTarget "scroll-view" */ = {
			isa = XCConfigurationList;
			buildConfigurations = (
				AA578FBE237CED6B004EE8C5 /* Debug */,
				AA578FBF237CED6B004EE8C5 /* Release */,
			);
			defaultConfigurationIsVisible = 0;
			defaultConfigurationName = Release;
		};
/* End XCConfigurationList section */
	};
	rootObject = AA578FA2237CED6A004EE8C5 /* Project object */;
}
