// !$*UTF8*$!
{
	archiveVersion = 1;
	classes = {
	};
	objectVersion = 50;
	objects = {

/* Begin PBXBuildFile section */
		8607B27F22CE470700647198 /* README.md in Resources */ = {isa = PBXBuildFile; fileRef = 8607B27E22CE470700647198 /* README.md */; };
		861DEF4622CDA21000E47891 /* AppDelegate.swift in Sources */ = {isa = PBXBuildFile; fileRef = 861DEF4522CDA21000E47891 /* AppDelegate.swift */; };
		861DEF4822CDA21000E47891 /* ContentView.swift in Sources */ = {isa = PBXBuildFile; fileRef = 861DEF4722CDA21000E47891 /* ContentView.swift */; };
		861DEF4A22CDA21200E47891 /* Assets.xcassets in Resources */ = {isa = PBXBuildFile; fileRef = 861DEF4922CDA21200E47891 /* Assets.xcassets */; };
		861DEF4D22CDA21200E47891 /* Preview Assets.xcassets in Resources */ = {isa = PBXBuildFile; fileRef = 861DEF4C22CDA21200E47891 /* Preview Assets.xcassets */; };
		861DEF5022CDA21200E47891 /* Main.storyboard in Resources */ = {isa = PBXBuildFile; fileRef = 861DEF4E22CDA21200E47891 /* Main.storyboard */; };
/* End PBXBuildFile section */

/* Begin PBXFileReference section */
		8607B27E22CE470700647198 /* README.md */ = {isa = PBXFileReference; fileEncoding = 4; lastKnownFileType = net.daringfireball.markdown; path = README.md; sourceTree = "<group>"; };
		861DEF4222CDA21000E47891 /* text-view.app */ = {isa = PBXFileReference; explicitFileType = wrapper.application; includeInIndex = 0; path = "text-view.app"; sourceTree = BUILT_PRODUCTS_DIR; };
		861DEF4522CDA21000E47891 /* AppDelegate.swift */ = {isa = PBXFileReference; lastKnownFileType = sourcecode.swift; path = AppDelegate.swift; sourceTree = "<group>"; };
		861DEF4722CDA21000E47891 /* ContentView.swift */ = {isa = PBXFileReference; lastKnownFileType = sourcecode.swift; path = ContentView.swift; sourceTree = "<group>"; };
		861DEF4922CDA21200E47891 /* Assets.xcassets */ = {isa = PBXFileReference; lastKnownFileType = folder.assetcatalog; path = Assets.xcassets; sourceTree = "<group>"; };
		861DEF4C22CDA21200E47891 /* Preview Assets.xcassets */ = {isa = PBXFileReference; lastKnownFileType = folder.assetcatalog; path = "Preview Assets.xcassets"; sourceTree = "<group>"; };
		861DEF4F22CDA21200E47891 /* Base */ = {isa = PBXFileReference; lastKnownFileType = file.storyboard; name = Base; path = Base.lproj/Main.storyboard; sourceTree = "<group>"; };
		861DEF5122CDA21200E47891 /* Info.plist */ = {isa = PBXFileReference; lastKnownFileType = text.plist.xml; path = Info.plist; sourceTree = "<group>"; };
		861DEF5222CDA21200E47891 /* text_view.entitlements */ = {isa = PBXFileReference; lastKnownFileType = text.plist.entitlements; path = text_view.entitlements; sourceTree = "<group>"; };
/* End PBXFileReference section */

/* Begin PBXFrameworksBuildPhase section */
		861DEF3F22CDA21000E47891 /* Frameworks */ = {
			isa = PBXFrameworksBuildPhase;
			buildActionMask = 2147483647;
			files = (
			);
			runOnlyForDeploymentPostprocessing = 0;
		};
/* End PBXFrameworksBuildPhase section */

/* Begin PBXGroup section */
		861DEF3922CDA21000E47891 = {
			isa = PBXGroup;
			children = (
				861DEF4422CDA21000E47891 /* text-view */,
				861DEF4322CDA21000E47891 /* Products */,
				8607B27E22CE470700647198 /* README.md */,
			);
			sourceTree = "<group>";
		};
		861DEF4322CDA21000E47891 /* Products */ = {
			isa = PBXGroup;
			children = (
				861DEF4222CDA21000E47891 /* text-view.app */,
			);
			name = Products;
			sourceTree = "<group>";
		};
		861DEF4422CDA21000E47891 /* text-view */ = {
			isa = PBXGroup;
			children = (
				861DEF4522CDA21000E47891 /* AppDelegate.swift */,
				861DEF4722CDA21000E47891 /* ContentView.swift */,
				861DEF4922CDA21200E47891 /* Assets.xcassets */,
				861DEF4E22CDA21200E47891 /* Main.storyboard */,
				861DEF5122CDA21200E47891 /* Info.plist */,
				861DEF5222CDA21200E47891 /* text_view.entitlements */,
				861DEF4B22CDA21200E47891 /* Preview Content */,
			);
			path = "text-view";
			sourceTree = "<group>";
		};
		861DEF4B22CDA21200E47891 /* Preview Content */ = {
			isa = PBXGroup;
			children = (
				861DEF4C22CDA21200E47891 /* Preview Assets.xcassets */,
			);
			path = "Preview Content";
			sourceTree = "<group>";
		};
/* End PBXGroup section */

/* Begin PBXNativeTarget section */
		861DEF4122CDA21000E47891 /* text-view */ = {
			isa = PBXNativeTarget;
			buildConfigurationList = 861DEF5522CDA21200E47891 /* Build configuration list for PBXNativeTarget "text-view" */;
			buildPhases = (
				861DEF3E22CDA21000E47891 /* Sources */,
				861DEF3F22CDA21000E47891 /* Frameworks */,
				861DEF4022CDA21000E47891 /* Resources */,
			);
			buildRules = (
			);
			dependencies = (
			);
			name = "text-view";
			productName = "text-view";
			productReference = 861DEF4222CDA21000E47891 /* text-view.app */;
			productType = "com.apple.product-type.application";
		};
/* End PBXNativeTarget section */

/* Begin PBXProject section */
		861DEF3A22CDA21000E47891 /* Project object */ = {
			isa = PBXProject;
			attributes = {
				LastSwiftUpdateCheck = 1100;
				LastUpgradeCheck = 1100;
				ORGANIZATIONNAME = Gavin;
				TargetAttributes = {
					861DEF4122CDA21000E47891 = {
						CreatedOnToolsVersion = 11.0;
					};
				};
			};
			buildConfigurationList = 861DEF3D22CDA21000E47891 /* Build configuration list for PBXProject "text-view" */;
			compatibilityVersion = "Xcode 9.3";
			developmentRegion = en;
			hasScannedForEncodings = 0;
			knownRegions = (
				en,
				Base,
			);
			mainGroup = 861DEF3922CDA21000E47891;
			productRefGroup = 861DEF4322CDA21000E47891 /* Products */;
			projectDirPath = "";
			projectRoot = "";
			targets = (
				861DEF4122CDA21000E47891 /* text-view */,
			);
		};
/* End PBXProject section */

/* Begin PBXResourcesBuildPhase section */
		861DEF4022CDA21000E47891 /* Resources */ = {
			isa = PBXResourcesBuildPhase;
			buildActionMask = 2147483647;
			files = (
				861DEF5022CDA21200E47891 /* Main.storyboard in Resources */,
				861DEF4D22CDA21200E47891 /* Preview Assets.xcassets in Resources */,
				8607B27F22CE470700647198 /* README.md in Resources */,
				861DEF4A22CDA21200E47891 /* Assets.xcassets in Resources */,
			);
			runOnlyForDeploymentPostprocessing = 0;
		};
/* End PBXResourcesBuildPhase section */

/* Begin PBXSourcesBuildPhase section */
		861DEF3E22CDA21000E47891 /* Sources */ = {
			isa = PBXSourcesBuildPhase;
			buildActionMask = 2147483647;
			files = (
				861DEF4822CDA21000E47891 /* ContentView.swift in Sources */,
				861DEF4622CDA21000E47891 /* AppDelegate.swift in Sources */,
			);
			runOnlyForDeploymentPostprocessing = 0;
		};
/* End PBXSourcesBuildPhase section */

/* Begin PBXVariantGroup section */
		861DEF4E22CDA21200E47891 /* Main.storyboard */ = {
			isa = PBXVariantGroup;
			children = (
				861DEF4F22CDA21200E47891 /* Base */,
			);
			name = Main.storyboard;
			sourceTree = "<group>";
		};
/* End PBXVariantGroup section */

/* Begin XCBuildConfiguration section */
		861DEF5322CDA21200E47891 /* Debug */ = {
			isa = XCBuildConfiguration;
			buildSettings = {
				ALWAYS_SEARCH_USER_PATHS = NO;
				CLANG_ANALYZER_NONNULL = YES;
				CLANG_ANALYZER_NUMBER_OBJECT_CONVERSION = YES_AGGRESSIVE;
				CLANG_CXX_LANGUAGE_STANDARD = "gnu++14";
				CLANG_CXX_LIBRARY = "libc++";
				CLANG_ENABLE_MODULES = YES;
				CLANG_ENABLE_OBJC_ARC = YES;
				CLANG_ENABLE_OBJC_WEAK = YES;
				CLANG_WARN_BLOCK_CAPTURE_AUTORELEASING = YES;
				CLANG_WARN_BOOL_CONVERSION = YES;
				CLANG_WARN_COMMA = YES;
				CLANG_WARN_CONSTANT_CONVERSION = YES;
				CLANG_WARN_DEPRECATED_OBJC_IMPLEMENTATIONS = YES;
				CLANG_WARN_DIRECT_OBJC_ISA_USAGE = YES_ERROR;
				CLANG_WARN_DOCUMENTATION_COMMENTS = YES;
				CLANG_WARN_EMPTY_BODY = YES;
				CLANG_WARN_ENUM_CONVERSION = YES;
				CLANG_WARN_INFINITE_RECURSION = YES;
				CLANG_WARN_INT_CONVERSION = YES;
				CLANG_WARN_NON_LITERAL_NULL_CONVERSION = YES;
				CLANG_WARN_OBJC_IMPLICIT_RETAIN_SELF = YES;
				CLANG_WARN_OBJC_LITERAL_CONVERSION = YES;
				CLANG_WARN_OBJC_ROOT_CLASS = YES_ERROR;
				CLANG_WARN_RANGE_LOOP_ANALYSIS = YES;
				CLANG_WARN_STRICT_PROTOTYPES = YES;
				CLANG_WARN_SUSPICIOUS_MOVE = YES;
				CLANG_WARN_UNGUARDED_AVAILABILITY = YES_AGGRESSIVE;
				CLANG_WARN_UNREACHABLE_CODE = YES;
				CLANG_WARN__DUPLICATE_METHOD_MATCH = YES;
				COPY_PHASE_STRIP = NO;
				DEBUG_INFORMATION_FORMAT = dwarf;
				ENABLE_STRICT_OBJC_MSGSEND = YES;
				ENABLE_TESTABILITY = YES;
				GCC_C_LANGUAGE_STANDARD = gnu11;
				GCC_DYNAMIC_NO_PIC = NO;
				GCC_NO_COMMON_BLOCKS = YES;
				GCC_OPTIMIZATION_LEVEL = 0;
				GCC_PREPROCESSOR_DEFINITIONS = (
					"DEBUG=1",
					"$(inherited)",
				);
				GCC_WARN_64_TO_32_BIT_CONVERSION = YES;
				GCC_WARN_ABOUT_RETURN_TYPE = YES_ERROR;
				GCC_WARN_UNDECLARED_SELECTOR = YES;
				GCC_WARN_UNINITIALIZED_AUTOS = YES_AGGRESSIVE;
				GCC_WARN_UNUSED_FUNCTION = YES;
				GCC_WARN_UNUSED_VARIABLE = YES;
				MACOSX_DEPLOYMENT_TARGET = 10.15;
				MTL_ENABLE_DEBUG_INFO = INCLUDE_SOURCE;
				MTL_FAST_MATH = YES;
				ONLY_ACTIVE_ARCH = YES;
				SDKROOT = macosx;
				SWIFT_ACTIVE_COMPILATION_CONDITIONS = DEBUG;
				SWIFT_OPTIMIZATION_LEVEL = "-Onone";
			};
			name = Debug;
		};
		861DEF5422CDA21200E47891 /* Release */ = {
			isa = XCBuildConfiguration;
			buildSettings = {
				ALWAYS_SEARCH_USER_PATHS = NO;
				CLANG_ANALYZER_NONNULL = YES;
				CLANG_ANALYZER_NUMBER_OBJECT_CONVERSION = YES_AGGRESSIVE;
				CLANG_CXX_LANGUAGE_STANDARD = "gnu++14";
				CLANG_CXX_LIBRARY = "libc++";
				CLANG_ENABLE_MODULES = YES;
				CLANG_ENABLE_OBJC_ARC = YES;
				CLANG_ENABLE_OBJC_WEAK = YES;
				CLANG_WARN_BLOCK_CAPTURE_AUTORELEASING = YES;
				CLANG_WARN_BOOL_CONVERSION = YES;
				CLANG_WARN_COMMA = YES;
				CLANG_WARN_CONSTANT_CONVERSION = YES;
				CLANG_WARN_DEPRECATED_OBJC_IMPLEMENTATIONS = YES;
				CLANG_WARN_DIRECT_OBJC_ISA_USAGE = YES_ERROR;
				CLANG_WARN_DOCUMENTATION_COMMENTS = YES;
				CLANG_WARN_EMPTY_BODY = YES;
				CLANG_WARN_ENUM_CONVERSION = YES;
				CLANG_WARN_INFINITE_RECURSION = YES;
				CLANG_WARN_INT_CONVERSION = YES;
				CLANG_WARN_NON_LITERAL_NULL_CONVERSION = YES;
				CLANG_WARN_OBJC_IMPLICIT_RETAIN_SELF = YES;
				CLANG_WARN_OBJC_LITERAL_CONVERSION = YES;
				CLANG_WARN_OBJC_ROOT_CLASS = YES_ERROR;
				CLANG_WARN_RANGE_LOOP_ANALYSIS = YES;
				CLANG_WARN_STRICT_PROTOTYPES = YES;
				CLANG_WARN_SUSPICIOUS_MOVE = YES;
				CLANG_WARN_UNGUARDED_AVAILABILITY = YES_AGGRESSIVE;
				CLANG_WARN_UNREACHABLE_CODE = YES;
				CLANG_WARN__DUPLICATE_METHOD_MATCH = YES;
				COPY_PHASE_STRIP = NO;
				DEBUG_INFORMATION_FORMAT = "dwarf-with-dsym";
				ENABLE_NS_ASSERTIONS = NO;
				ENABLE_STRICT_OBJC_MSGSEND = YES;
				GCC_C_LANGUAGE_STANDARD = gnu11;
				GCC_NO_COMMON_BLOCKS = YES;
				GCC_WARN_64_TO_32_BIT_CONVERSION = YES;
				GCC_WARN_ABOUT_RETURN_TYPE = YES_ERROR;
				GCC_WARN_UNDECLARED_SELECTOR = YES;
				GCC_WARN_UNINITIALIZED_AUTOS = YES_AGGRESSIVE;
				GCC_WARN_UNUSED_FUNCTION = YES;
				GCC_WARN_UNUSED_VARIABLE = YES;
				MACOSX_DEPLOYMENT_TARGET = 10.15;
				MTL_ENABLE_DEBUG_INFO = NO;
				MTL_FAST_MATH = YES;
				SDKROOT = macosx;
				SWIFT_COMPILATION_MODE = wholemodule;
				SWIFT_OPTIMIZATION_LEVEL = "-O";
			};
			name = Release;
		};
		861DEF5622CDA21200E47891 /* Debug */ = {
			isa = XCBuildConfiguration;
			buildSettings = {
				ASSETCATALOG_COMPILER_APPICON_NAME = AppIcon;
				CODE_SIGN_ENTITLEMENTS = "text-view/text_view.entitlements";
				CODE_SIGN_STYLE = Automatic;
				COMBINE_HIDPI_IMAGES = YES;
				DEVELOPMENT_ASSET_PATHS = "text-view/Preview\\ Content";
				ENABLE_PREVIEWS = YES;
				INFOPLIST_FILE = "text-view/Info.plist";
				LD_RUNPATH_SEARCH_PATHS = (
					"$(inherited)",
					"@executable_path/../Frameworks",
				);
				PRODUCT_BUNDLE_IDENTIFIER = "com.Gavin.text-view";
				PRODUCT_NAME = "$(TARGET_NAME)";
				SWIFT_VERSION = 5.0;
			};
			name = Debug;
		};
		861DEF5722CDA21200E47891 /* Release */ = {
			isa = XCBuildConfiguration;
			buildSettings = {
				ASSETCATALOG_COMPILER_APPICON_NAME = AppIcon;
				CODE_SIGN_ENTITLEMENTS = "text-view/text_view.entitlements";
				CODE_SIGN_STYLE = Automatic;
				COMBINE_HIDPI_IMAGES = YES;
				DEVELOPMENT_ASSET_PATHS = "text-view/Preview\\ Content";
				ENABLE_PREVIEWS = YES;
				INFOPLIST_FILE = "text-view/Info.plist";
				LD_RUNPATH_SEARCH_PATHS = (
					"$(inherited)",
					"@executable_path/../Frameworks",
				);
				PRODUCT_BUNDLE_IDENTIFIER = "com.Gavin.text-view";
				PRODUCT_NAME = "$(TARGET_NAME)";
				SWIFT_VERSION = 5.0;
			};
			name = Release;
		};
/* End XCBuildConfiguration section */

/* Begin XCConfigurationList section */
		861DEF3D22CDA21000E47891 /* Build configuration list for PBXProject "text-view" */ = {
			isa = XCConfigurationList;
			buildConfigurations = (
				861DEF5322CDA21200E47891 /* Debug */,
				861DEF5422CDA21200E47891 /* Release */,
			);
			defaultConfigurationIsVisible = 0;
			defaultConfigurationName = Release;
		};
		861DEF5522CDA21200E47891 /* Build configuration list for PBXNativeTarget "text-view" */ = {
			isa = XCConfigurationList;
			buildConfigurations = (
				861DEF5622CDA21200E47891 /* Debug */,
				861DEF5722CDA21200E47891 /* Release */,
			);
			defaultConfigurationIsVisible = 0;
			defaultConfigurationName = Release;
		};
/* End XCConfigurationList section */
	};
	rootObject = 861DEF3A22CDA21000E47891 /* Project object */;
}
