// !$*UTF8*$!
{
	archiveVersion = 1;
	classes = {
	};
	objectVersion = 50;
	objects = {

/* Begin PBXBuildFile section */
		8648F91222FCFE0100CF751D /* AppDelegate.swift in Sources */ = {isa = PBXBuildFile; fileRef = 8648F91122FCFE0100CF751D /* AppDelegate.swift */; };
		8648F91422FCFE0100CF751D /* ContentView.swift in Sources */ = {isa = PBXBuildFile; fileRef = 8648F91322FCFE0100CF751D /* ContentView.swift */; };
		8648F91622FCFE0300CF751D /* Assets.xcassets in Resources */ = {isa = PBXBuildFile; fileRef = 8648F91522FCFE0300CF751D /* Assets.xcassets */; };
		8648F91922FCFE0300CF751D /* Preview Assets.xcassets in Resources */ = {isa = PBXBuildFile; fileRef = 8648F91822FCFE0300CF751D /* Preview Assets.xcassets */; };
		8648F91C22FCFE0300CF751D /* Main.storyboard in Resources */ = {isa = PBXBuildFile; fileRef = 8648F91A22FCFE0300CF751D /* Main.storyboard */; };
		8648F92D22FD027300CF751D /* DetailOneView.swift in Sources */ = {isa = PBXBuildFile; fileRef = 8648F92C22FD027300CF751D /* DetailOneView.swift */; };
		8648F92F22FD028600CF751D /* DetailTwoView.swift in Sources */ = {isa = PBXBuildFile; fileRef = 8648F92E22FD028600CF751D /* DetailTwoView.swift */; };
		8648F93122FD029300CF751D /* DetailThreeView.swift in Sources */ = {isa = PBXBuildFile; fileRef = 8648F93022FD029300CF751D /* DetailThreeView.swift */; };
/* End PBXBuildFile section */

/* Begin PBXFileReference section */
		8648F90E22FCFE0100CF751D /* sidebar-nav3.app */ = {isa = PBXFileReference; explicitFileType = wrapper.application; includeInIndex = 0; path = "sidebar-nav3.app"; sourceTree = BUILT_PRODUCTS_DIR; };
		8648F91122FCFE0100CF751D /* AppDelegate.swift */ = {isa = PBXFileReference; lastKnownFileType = sourcecode.swift; path = AppDelegate.swift; sourceTree = "<group>"; };
		8648F91322FCFE0100CF751D /* ContentView.swift */ = {isa = PBXFileReference; lastKnownFileType = sourcecode.swift; path = ContentView.swift; sourceTree = "<group>"; };
		8648F91522FCFE0300CF751D /* Assets.xcassets */ = {isa = PBXFileReference; lastKnownFileType = folder.assetcatalog; path = Assets.xcassets; sourceTree = "<group>"; };
		8648F91822FCFE0300CF751D /* Preview Assets.xcassets */ = {isa = PBXFileReference; lastKnownFileType = folder.assetcatalog; path = "Preview Assets.xcassets"; sourceTree = "<group>"; };
		8648F91B22FCFE0300CF751D /* Base */ = {isa = PBXFileReference; lastKnownFileType = file.storyboard; name = Base; path = Base.lproj/Main.storyboard; sourceTree = "<group>"; };
		8648F91D22FCFE0300CF751D /* Info.plist */ = {isa = PBXFileReference; lastKnownFileType = text.plist.xml; path = Info.plist; sourceTree = "<group>"; };
		8648F91E22FCFE0300CF751D /* sidebar_nav3.entitlements */ = {isa = PBXFileReference; lastKnownFileType = text.plist.entitlements; path = sidebar_nav3.entitlements; sourceTree = "<group>"; };
		8648F92C22FD027300CF751D /* DetailOneView.swift */ = {isa = PBXFileReference; lastKnownFileType = sourcecode.swift; path = DetailOneView.swift; sourceTree = "<group>"; };
		8648F92E22FD028600CF751D /* DetailTwoView.swift */ = {isa = PBXFileReference; lastKnownFileType = sourcecode.swift; path = DetailTwoView.swift; sourceTree = "<group>"; };
		8648F93022FD029300CF751D /* DetailThreeView.swift */ = {isa = PBXFileReference; lastKnownFileType = sourcecode.swift; path = DetailThreeView.swift; sourceTree = "<group>"; };
/* End PBXFileReference section */

/* Begin PBXFrameworksBuildPhase section */
		8648F90B22FCFE0100CF751D /* Frameworks */ = {
			isa = PBXFrameworksBuildPhase;
			buildActionMask = 2147483647;
			files = (
			);
			runOnlyForDeploymentPostprocessing = 0;
		};
/* End PBXFrameworksBuildPhase section */

/* Begin PBXGroup section */
		8648F90522FCFE0100CF751D = {
			isa = PBXGroup;
			children = (
				8648F91022FCFE0100CF751D /* sidebar-nav3 */,
				8648F90F22FCFE0100CF751D /* Products */,
			);
			sourceTree = "<group>";
		};
		8648F90F22FCFE0100CF751D /* Products */ = {
			isa = PBXGroup;
			children = (
				8648F90E22FCFE0100CF751D /* sidebar-nav3.app */,
			);
			name = Products;
			sourceTree = "<group>";
		};
		8648F91022FCFE0100CF751D /* sidebar-nav3 */ = {
			isa = PBXGroup;
			children = (
				8648F91122FCFE0100CF751D /* AppDelegate.swift */,
				8648F92C22FD027300CF751D /* DetailOneView.swift */,
				8648F92E22FD028600CF751D /* DetailTwoView.swift */,
				8648F93022FD029300CF751D /* DetailThreeView.swift */,
				8648F91322FCFE0100CF751D /* ContentView.swift */,
				8648F91522FCFE0300CF751D /* Assets.xcassets */,
				8648F91A22FCFE0300CF751D /* Main.storyboard */,
				8648F91D22FCFE0300CF751D /* Info.plist */,
				8648F91E22FCFE0300CF751D /* sidebar_nav3.entitlements */,
				8648F91722FCFE0300CF751D /* Preview Content */,
			);
			path = "sidebar-nav3";
			sourceTree = "<group>";
		};
		8648F91722FCFE0300CF751D /* Preview Content */ = {
			isa = PBXGroup;
			children = (
				8648F91822FCFE0300CF751D /* Preview Assets.xcassets */,
			);
			path = "Preview Content";
			sourceTree = "<group>";
		};
/* End PBXGroup section */

/* Begin PBXNativeTarget section */
		8648F90D22FCFE0100CF751D /* sidebar-nav3 */ = {
			isa = PBXNativeTarget;
			buildConfigurationList = 8648F92122FCFE0300CF751D /* Build configuration list for PBXNativeTarget "sidebar-nav3" */;
			buildPhases = (
				8648F90A22FCFE0100CF751D /* Sources */,
				8648F90B22FCFE0100CF751D /* Frameworks */,
				8648F90C22FCFE0100CF751D /* Resources */,
			);
			buildRules = (
			);
			dependencies = (
			);
			name = "sidebar-nav3";
			productName = "sidebar-nav3";
			productReference = 8648F90E22FCFE0100CF751D /* sidebar-nav3.app */;
			productType = "com.apple.product-type.application";
		};
/* End PBXNativeTarget section */

/* Begin PBXProject section */
		8648F90622FCFE0100CF751D /* Project object */ = {
			isa = PBXProject;
			attributes = {
				LastSwiftUpdateCheck = 1100;
				LastUpgradeCheck = 1100;
				ORGANIZATIONNAME = Gavin;
				TargetAttributes = {
					8648F90D22FCFE0100CF751D = {
						CreatedOnToolsVersion = 11.0;
					};
				};
			};
			buildConfigurationList = 8648F90922FCFE0100CF751D /* Build configuration list for PBXProject "sidebar-nav3" */;
			compatibilityVersion = "Xcode 9.3";
			developmentRegion = en;
			hasScannedForEncodings = 0;
			knownRegions = (
				en,
				Base,
			);
			mainGroup = 8648F90522FCFE0100CF751D;
			productRefGroup = 8648F90F22FCFE0100CF751D /* Products */;
			projectDirPath = "";
			projectRoot = "";
			targets = (
				8648F90D22FCFE0100CF751D /* sidebar-nav3 */,
			);
		};
/* End PBXProject section */

/* Begin PBXResourcesBuildPhase section */
		8648F90C22FCFE0100CF751D /* Resources */ = {
			isa = PBXResourcesBuildPhase;
			buildActionMask = 2147483647;
			files = (
				8648F91C22FCFE0300CF751D /* Main.storyboard in Resources */,
				8648F91922FCFE0300CF751D /* Preview Assets.xcassets in Resources */,
				8648F91622FCFE0300CF751D /* Assets.xcassets in Resources */,
			);
			runOnlyForDeploymentPostprocessing = 0;
		};
/* End PBXResourcesBuildPhase section */

/* Begin PBXSourcesBuildPhase section */
		8648F90A22FCFE0100CF751D /* Sources */ = {
			isa = PBXSourcesBuildPhase;
			buildActionMask = 2147483647;
			files = (
				8648F92F22FD028600CF751D /* DetailTwoView.swift in Sources */,
				8648F92D22FD027300CF751D /* DetailOneView.swift in Sources */,
				8648F93122FD029300CF751D /* DetailThreeView.swift in Sources */,
				8648F91422FCFE0100CF751D /* ContentView.swift in Sources */,
				8648F91222FCFE0100CF751D /* AppDelegate.swift in Sources */,
			);
			runOnlyForDeploymentPostprocessing = 0;
		};
/* End PBXSourcesBuildPhase section */

/* Begin PBXVariantGroup section */
		8648F91A22FCFE0300CF751D /* Main.storyboard */ = {
			isa = PBXVariantGroup;
			children = (
				8648F91B22FCFE0300CF751D /* Base */,
			);
			name = Main.storyboard;
			sourceTree = "<group>";
		};
/* End PBXVariantGroup section */

/* Begin XCBuildConfiguration section */
		8648F91F22FCFE0300CF751D /* Debug */ = {
			isa = XCBuildConfiguration;
			buildSettings = {
				ALWAYS_SEARCH_USER_PATHS = NO;
				CLANG_ANALYZER_NONNULL = YES;
				CLANG_ANALYZER_NUMBER_OBJECT_CONVERSION = YES_AGGRESSIVE;
				CLANG_CXX_LANGUAGE_STANDARD = "gnu++14";
				CLANG_CXX_LIBRARY = "libc++";
				CLANG_ENABLE_MODULES = YES;
				CLANG_ENABLE_OBJC_ARC = YES;
				CLANG_ENABLE_OBJC_WEAK = YES;
				CLANG_WARN_BLOCK_CAPTURE_AUTORELEASING = YES;
				CLANG_WARN_BOOL_CONVERSION = YES;
				CLANG_WARN_COMMA = YES;
				CLANG_WARN_CONSTANT_CONVERSION = YES;
				CLANG_WARN_DEPRECATED_OBJC_IMPLEMENTATIONS = YES;
				CLANG_WARN_DIRECT_OBJC_ISA_USAGE = YES_ERROR;
				CLANG_WARN_DOCUMENTATION_COMMENTS = YES;
				CLANG_WARN_EMPTY_BODY = YES;
				CLANG_WARN_ENUM_CONVERSION = YES;
				CLANG_WARN_INFINITE_RECURSION = YES;
				CLANG_WARN_INT_CONVERSION = YES;
				CLANG_WARN_NON_LITERAL_NULL_CONVERSION = YES;
				CLANG_WARN_OBJC_IMPLICIT_RETAIN_SELF = YES;
				CLANG_WARN_OBJC_LITERAL_CONVERSION = YES;
				CLANG_WARN_OBJC_ROOT_CLASS = YES_ERROR;
				CLANG_WARN_RANGE_LOOP_ANALYSIS = YES;
				CLANG_WARN_STRICT_PROTOTYPES = YES;
				CLANG_WARN_SUSPICIOUS_MOVE = YES;
				CLANG_WARN_UNGUARDED_AVAILABILITY = YES_AGGRESSIVE;
				CLANG_WARN_UNREACHABLE_CODE = YES;
				CLANG_WARN__DUPLICATE_METHOD_MATCH = YES;
				COPY_PHASE_STRIP = NO;
				DEBUG_INFORMATION_FORMAT = dwarf;
				ENABLE_STRICT_OBJC_MSGSEND = YES;
				ENABLE_TESTABILITY = YES;
				GCC_C_LANGUAGE_STANDARD = gnu11;
				GCC_DYNAMIC_NO_PIC = NO;
				GCC_NO_COMMON_BLOCKS = YES;
				GCC_OPTIMIZATION_LEVEL = 0;
				GCC_PREPROCESSOR_DEFINITIONS = (
					"DEBUG=1",
					"$(inherited)",
				);
				GCC_WARN_64_TO_32_BIT_CONVERSION = YES;
				GCC_WARN_ABOUT_RETURN_TYPE = YES_ERROR;
				GCC_WARN_UNDECLARED_SELECTOR = YES;
				GCC_WARN_UNINITIALIZED_AUTOS = YES_AGGRESSIVE;
				GCC_WARN_UNUSED_FUNCTION = YES;
				GCC_WARN_UNUSED_VARIABLE = YES;
				MACOSX_DEPLOYMENT_TARGET = 10.15;
				MTL_ENABLE_DEBUG_INFO = INCLUDE_SOURCE;
				MTL_FAST_MATH = YES;
				ONLY_ACTIVE_ARCH = YES;
				SDKROOT = macosx;
				SWIFT_ACTIVE_COMPILATION_CONDITIONS = DEBUG;
				SWIFT_OPTIMIZATION_LEVEL = "-Onone";
			};
			name = Debug;
		};
		8648F92022FCFE0300CF751D /* Release */ = {
			isa = XCBuildConfiguration;
			buildSettings = {
				ALWAYS_SEARCH_USER_PATHS = NO;
				CLANG_ANALYZER_NONNULL = YES;
				CLANG_ANALYZER_NUMBER_OBJECT_CONVERSION = YES_AGGRESSIVE;
				CLANG_CXX_LANGUAGE_STANDARD = "gnu++14";
				CLANG_CXX_LIBRARY = "libc++";
				CLANG_ENABLE_MODULES = YES;
				CLANG_ENABLE_OBJC_ARC = YES;
				CLANG_ENABLE_OBJC_WEAK = YES;
				CLANG_WARN_BLOCK_CAPTURE_AUTORELEASING = YES;
				CLANG_WARN_BOOL_CONVERSION = YES;
				CLANG_WARN_COMMA = YES;
				CLANG_WARN_CONSTANT_CONVERSION = YES;
				CLANG_WARN_DEPRECATED_OBJC_IMPLEMENTATIONS = YES;
				CLANG_WARN_DIRECT_OBJC_ISA_USAGE = YES_ERROR;
				CLANG_WARN_DOCUMENTATION_COMMENTS = YES;
				CLANG_WARN_EMPTY_BODY = YES;
				CLANG_WARN_ENUM_CONVERSION = YES;
				CLANG_WARN_INFINITE_RECURSION = YES;
				CLANG_WARN_INT_CONVERSION = YES;
				CLANG_WARN_NON_LITERAL_NULL_CONVERSION = YES;
				CLANG_WARN_OBJC_IMPLICIT_RETAIN_SELF = YES;
				CLANG_WARN_OBJC_LITERAL_CONVERSION = YES;
				CLANG_WARN_OBJC_ROOT_CLASS = YES_ERROR;
				CLANG_WARN_RANGE_LOOP_ANALYSIS = YES;
				CLANG_WARN_STRICT_PROTOTYPES = YES;
				CLANG_WARN_SUSPICIOUS_MOVE = YES;
				CLANG_WARN_UNGUARDED_AVAILABILITY = YES_AGGRESSIVE;
				CLANG_WARN_UNREACHABLE_CODE = YES;
				CLANG_WARN__DUPLICATE_METHOD_MATCH = YES;
				COPY_PHASE_STRIP = NO;
				DEBUG_INFORMATION_FORMAT = "dwarf-with-dsym";
				ENABLE_NS_ASSERTIONS = NO;
				ENABLE_STRICT_OBJC_MSGSEND = YES;
				GCC_C_LANGUAGE_STANDARD = gnu11;
				GCC_NO_COMMON_BLOCKS = YES;
				GCC_WARN_64_TO_32_BIT_CONVERSION = YES;
				GCC_WARN_ABOUT_RETURN_TYPE = YES_ERROR;
				GCC_WARN_UNDECLARED_SELECTOR = YES;
				GCC_WARN_UNINITIALIZED_AUTOS = YES_AGGRESSIVE;
				GCC_WARN_UNUSED_FUNCTION = YES;
				GCC_WARN_UNUSED_VARIABLE = YES;
				MACOSX_DEPLOYMENT_TARGET = 10.15;
				MTL_ENABLE_DEBUG_INFO = NO;
				MTL_FAST_MATH = YES;
				SDKROOT = macosx;
				SWIFT_COMPILATION_MODE = wholemodule;
				SWIFT_OPTIMIZATION_LEVEL = "-O";
			};
			name = Release;
		};
		8648F92222FCFE0300CF751D /* Debug */ = {
			isa = XCBuildConfiguration;
			buildSettings = {
				ASSETCATALOG_COMPILER_APPICON_NAME = AppIcon;
				CODE_SIGN_ENTITLEMENTS = "sidebar-nav3/sidebar_nav3.entitlements";
				CODE_SIGN_STYLE = Automatic;
				COMBINE_HIDPI_IMAGES = YES;
				DEVELOPMENT_ASSET_PATHS = "sidebar-nav3/Preview\\ Content";
				ENABLE_PREVIEWS = YES;
				INFOPLIST_FILE = "sidebar-nav3/Info.plist";
				LD_RUNPATH_SEARCH_PATHS = (
					"$(inherited)",
					"@executable_path/../Frameworks",
				);
				MACOSX_DEPLOYMENT_TARGET = 10.15;
				PRODUCT_BUNDLE_IDENTIFIER = "com.Gavin.sidebar-nav3";
				PRODUCT_NAME = "$(TARGET_NAME)";
				SWIFT_VERSION = 5.0;
			};
			name = Debug;
		};
		8648F92322FCFE0300CF751D /* Release */ = {
			isa = XCBuildConfiguration;
			buildSettings = {
				ASSETCATALOG_COMPILER_APPICON_NAME = AppIcon;
				CODE_SIGN_ENTITLEMENTS = "sidebar-nav3/sidebar_nav3.entitlements";
				CODE_SIGN_STYLE = Automatic;
				COMBINE_HIDPI_IMAGES = YES;
				DEVELOPMENT_ASSET_PATHS = "sidebar-nav3/Preview\\ Content";
				ENABLE_PREVIEWS = YES;
				INFOPLIST_FILE = "sidebar-nav3/Info.plist";
				LD_RUNPATH_SEARCH_PATHS = (
					"$(inherited)",
					"@executable_path/../Frameworks",
				);
				MACOSX_DEPLOYMENT_TARGET = 10.15;
				PRODUCT_BUNDLE_IDENTIFIER = "com.Gavin.sidebar-nav3";
				PRODUCT_NAME = "$(TARGET_NAME)";
				SWIFT_VERSION = 5.0;
			};
			name = Release;
		};
/* End XCBuildConfiguration section */

/* Begin XCConfigurationList section */
		8648F90922FCFE0100CF751D /* Build configuration list for PBXProject "sidebar-nav3" */ = {
			isa = XCConfigurationList;
			buildConfigurations = (
				8648F91F22FCFE0300CF751D /* Debug */,
				8648F92022FCFE0300CF751D /* Release */,
			);
			defaultConfigurationIsVisible = 0;
			defaultConfigurationName = Release;
		};
		8648F92122FCFE0300CF751D /* Build configuration list for PBXNativeTarget "sidebar-nav3" */ = {
			isa = XCConfigurationList;
			buildConfigurations = (
				8648F92222FCFE0300CF751D /* Debug */,
				8648F92322FCFE0300CF751D /* Release */,
			);
			defaultConfigurationIsVisible = 0;
			defaultConfigurationName = Release;
		};
/* End XCConfigurationList section */
	};
	rootObject = 8648F90622FCFE0100CF751D /* Project object */;
}
