// !$*UTF8*$!
{
	archiveVersion = 1;
	classes = {
	};
	objectVersion = 50;
	objects = {

/* Begin PBXBuildFile section */
		86A43E1722F627DA00D68C4B /* AppDelegate.swift in Sources */ = {isa = PBXBuildFile; fileRef = 86A43E1622F627DA00D68C4B /* AppDelegate.swift */; };
		86A43E1922F627DA00D68C4B /* ContentView.swift in Sources */ = {isa = PBXBuildFile; fileRef = 86A43E1822F627DA00D68C4B /* ContentView.swift */; };
		86A43E1B22F627DB00D68C4B /* Assets.xcassets in Resources */ = {isa = PBXBuildFile; fileRef = 86A43E1A22F627DB00D68C4B /* Assets.xcassets */; };
		86A43E1E22F627DB00D68C4B /* Preview Assets.xcassets in Resources */ = {isa = PBXBuildFile; fileRef = 86A43E1D22F627DB00D68C4B /* Preview Assets.xcassets */; };
		86A43E2122F627DB00D68C4B /* Main.storyboard in Resources */ = {isa = PBXBuildFile; fileRef = 86A43E1F22F627DB00D68C4B /* Main.storyboard */; };
/* End PBXBuildFile section */

/* Begin PBXFileReference section */
		86A43E1322F627DA00D68C4B /* scroll-view.app */ = {isa = PBXFileReference; explicitFileType = wrapper.application; includeInIndex = 0; path = "scroll-view.app"; sourceTree = BUILT_PRODUCTS_DIR; };
		86A43E1622F627DA00D68C4B /* AppDelegate.swift */ = {isa = PBXFileReference; lastKnownFileType = sourcecode.swift; path = AppDelegate.swift; sourceTree = "<group>"; };
		86A43E1822F627DA00D68C4B /* ContentView.swift */ = {isa = PBXFileReference; lastKnownFileType = sourcecode.swift; path = ContentView.swift; sourceTree = "<group>"; };
		86A43E1A22F627DB00D68C4B /* Assets.xcassets */ = {isa = PBXFileReference; lastKnownFileType = folder.assetcatalog; path = Assets.xcassets; sourceTree = "<group>"; };
		86A43E1D22F627DB00D68C4B /* Preview Assets.xcassets */ = {isa = PBXFileReference; lastKnownFileType = folder.assetcatalog; path = "Preview Assets.xcassets"; sourceTree = "<group>"; };
		86A43E2022F627DB00D68C4B /* Base */ = {isa = PBXFileReference; lastKnownFileType = file.storyboard; name = Base; path = Base.lproj/Main.storyboard; sourceTree = "<group>"; };
		86A43E2222F627DC00D68C4B /* Info.plist */ = {isa = PBXFileReference; lastKnownFileType = text.plist.xml; path = Info.plist; sourceTree = "<group>"; };
		86A43E2322F627DC00D68C4B /* scroll_view.entitlements */ = {isa = PBXFileReference; lastKnownFileType = text.plist.entitlements; path = scroll_view.entitlements; sourceTree = "<group>"; };
/* End PBXFileReference section */

/* Begin PBXFrameworksBuildPhase section */
		86A43E1022F627DA00D68C4B /* Frameworks */ = {
			isa = PBXFrameworksBuildPhase;
			buildActionMask = 2147483647;
			files = (
			);
			runOnlyForDeploymentPostprocessing = 0;
		};
/* End PBXFrameworksBuildPhase section */

/* Begin PBXGroup section */
		86A43E0A22F627DA00D68C4B = {
			isa = PBXGroup;
			children = (
				86A43E1522F627DA00D68C4B /* scroll-view */,
				86A43E1422F627DA00D68C4B /* Products */,
			);
			sourceTree = "<group>";
		};
		86A43E1422F627DA00D68C4B /* Products */ = {
			isa = PBXGroup;
			children = (
				86A43E1322F627DA00D68C4B /* scroll-view.app */,
			);
			name = Products;
			sourceTree = "<group>";
		};
		86A43E1522F627DA00D68C4B /* scroll-view */ = {
			isa = PBXGroup;
			children = (
				86A43E1622F627DA00D68C4B /* AppDelegate.swift */,
				86A43E1822F627DA00D68C4B /* ContentView.swift */,
				86A43E1A22F627DB00D68C4B /* Assets.xcassets */,
				86A43E1F22F627DB00D68C4B /* Main.storyboard */,
				86A43E2222F627DC00D68C4B /* Info.plist */,
				86A43E2322F627DC00D68C4B /* scroll_view.entitlements */,
				86A43E1C22F627DB00D68C4B /* Preview Content */,
			);
			path = "scroll-view";
			sourceTree = "<group>";
		};
		86A43E1C22F627DB00D68C4B /* Preview Content */ = {
			isa = PBXGroup;
			children = (
				86A43E1D22F627DB00D68C4B /* Preview Assets.xcassets */,
			);
			path = "Preview Content";
			sourceTree = "<group>";
		};
/* End PBXGroup section */

/* Begin PBXNativeTarget section */
		86A43E1222F627DA00D68C4B /* scroll-view */ = {
			isa = PBXNativeTarget;
			buildConfigurationList = 86A43E2622F627DC00D68C4B /* Build configuration list for PBXNativeTarget "scroll-view" */;
			buildPhases = (
				86A43E0F22F627DA00D68C4B /* Sources */,
				86A43E1022F627DA00D68C4B /* Frameworks */,
				86A43E1122F627DA00D68C4B /* Resources */,
			);
			buildRules = (
			);
			dependencies = (
			);
			name = "scroll-view";
			productName = "scroll-view";
			productReference = 86A43E1322F627DA00D68C4B /* scroll-view.app */;
			productType = "com.apple.product-type.application";
		};
/* End PBXNativeTarget section */

/* Begin PBXProject section */
		86A43E0B22F627DA00D68C4B /* Project object */ = {
			isa = PBXProject;
			attributes = {
				LastSwiftUpdateCheck = 1100;
				LastUpgradeCheck = 1120;
				ORGANIZATIONNAME = Gavin;
				TargetAttributes = {
					86A43E1222F627DA00D68C4B = {
						CreatedOnToolsVersion = 11.0;
					};
				};
			};
			buildConfigurationList = 86A43E0E22F627DA00D68C4B /* Build configuration list for PBXProject "scroll-view" */;
			compatibilityVersion = "Xcode 9.3";
			developmentRegion = en;
			hasScannedForEncodings = 0;
			knownRegions = (
				en,
				Base,
			);
			mainGroup = 86A43E0A22F627DA00D68C4B;
			productRefGroup = 86A43E1422F627DA00D68C4B /* Products */;
			projectDirPath = "";
			projectRoot = "";
			targets = (
				86A43E1222F627DA00D68C4B /* scroll-view */,
			);
		};
/* End PBXProject section */

/* Begin PBXResourcesBuildPhase section */
		86A43E1122F627DA00D68C4B /* Resources */ = {
			isa = PBXResourcesBuildPhase;
			buildActionMask = 2147483647;
			files = (
				86A43E2122F627DB00D68C4B /* Main.storyboard in Resources */,
				86A43E1E22F627DB00D68C4B /* Preview Assets.xcassets in Resources */,
				86A43E1B22F627DB00D68C4B /* Assets.xcassets in Resources */,
			);
			runOnlyForDeploymentPostprocessing = 0;
		};
/* End PBXResourcesBuildPhase section */

/* Begin PBXSourcesBuildPhase section */
		86A43E0F22F627DA00D68C4B /* Sources */ = {
			isa = PBXSourcesBuildPhase;
			buildActionMask = 2147483647;
			files = (
				86A43E1922F627DA00D68C4B /* ContentView.swift in Sources */,
				86A43E1722F627DA00D68C4B /* AppDelegate.swift in Sources */,
			);
			runOnlyForDeploymentPostprocessing = 0;
		};
/* End PBXSourcesBuildPhase section */

/* Begin PBXVariantGroup section */
		86A43E1F22F627DB00D68C4B /* Main.storyboard */ = {
			isa = PBXVariantGroup;
			children = (
				86A43E2022F627DB00D68C4B /* Base */,
			);
			name = Main.storyboard;
			sourceTree = "<group>";
		};
/* End PBXVariantGroup section */

/* Begin XCBuildConfiguration section */
		86A43E2422F627DC00D68C4B /* Debug */ = {
			isa = XCBuildConfiguration;
			buildSettings = {
				ALWAYS_SEARCH_USER_PATHS = NO;
				CLANG_ANALYZER_NONNULL = YES;
				CLANG_ANALYZER_NUMBER_OBJECT_CONVERSION = YES_AGGRESSIVE;
				CLANG_CXX_LANGUAGE_STANDARD = "gnu++14";
				CLANG_CXX_LIBRARY = "libc++";
				CLANG_ENABLE_MODULES = YES;
				CLANG_ENABLE_OBJC_ARC = YES;
				CLANG_ENABLE_OBJC_WEAK = YES;
				CLANG_WARN_BLOCK_CAPTURE_AUTORELEASING = YES;
				CLANG_WARN_BOOL_CONVERSION = YES;
				CLANG_WARN_COMMA = YES;
				CLANG_WARN_CONSTANT_CONVERSION = YES;
				CLANG_WARN_DEPRECATED_OBJC_IMPLEMENTATIONS = YES;
				CLANG_WARN_DIRECT_OBJC_ISA_USAGE = YES_ERROR;
				CLANG_WARN_DOCUMENTATION_COMMENTS = YES;
				CLANG_WARN_EMPTY_BODY = YES;
				CLANG_WARN_ENUM_CONVERSION = YES;
				CLANG_WARN_INFINITE_RECURSION = YES;
				CLANG_WARN_INT_CONVERSION = YES;
				CLANG_WARN_NON_LITERAL_NULL_CONVERSION = YES;
				CLANG_WARN_OBJC_IMPLICIT_RETAIN_SELF = YES;
				CLANG_WARN_OBJC_LITERAL_CONVERSION = YES;
				CLANG_WARN_OBJC_ROOT_CLASS = YES_ERROR;
				CLANG_WARN_RANGE_LOOP_ANALYSIS = YES;
				CLANG_WARN_STRICT_PROTOTYPES = YES;
				CLANG_WARN_SUSPICIOUS_MOVE = YES;
				CLANG_WARN_UNGUARDED_AVAILABILITY = YES_AGGRESSIVE;
				CLANG_WARN_UNREACHABLE_CODE = YES;
				CLANG_WARN__DUPLICATE_METHOD_MATCH = YES;
				COPY_PHASE_STRIP = NO;
				DEBUG_INFORMATION_FORMAT = dwarf;
				ENABLE_STRICT_OBJC_MSGSEND = YES;
				ENABLE_TESTABILITY = YES;
				GCC_C_LANGUAGE_STANDARD = gnu11;
				GCC_DYNAMIC_NO_PIC = NO;
				GCC_NO_COMMON_BLOCKS = YES;
				GCC_OPTIMIZATION_LEVEL = 0;
				GCC_PREPROCESSOR_DEFINITIONS = (
					"DEBUG=1",
					"$(inherited)",
				);
				GCC_WARN_64_TO_32_BIT_CONVERSION = YES;
				GCC_WARN_ABOUT_RETURN_TYPE = YES_ERROR;
				GCC_WARN_UNDECLARED_SELECTOR = YES;
				GCC_WARN_UNINITIALIZED_AUTOS = YES_AGGRESSIVE;
				GCC_WARN_UNUSED_FUNCTION = YES;
				GCC_WARN_UNUSED_VARIABLE = YES;
				MACOSX_DEPLOYMENT_TARGET = 10.15;
				MTL_ENABLE_DEBUG_INFO = INCLUDE_SOURCE;
				MTL_FAST_MATH = YES;
				ONLY_ACTIVE_ARCH = YES;
				SDKROOT = macosx;
				SWIFT_ACTIVE_COMPILATION_CONDITIONS = DEBUG;
				SWIFT_OPTIMIZATION_LEVEL = "-Onone";
			};
			name = Debug;
		};
		86A43E2522F627DC00D68C4B /* Release */ = {
			isa = XCBuildConfiguration;
			buildSettings = {
				ALWAYS_SEARCH_USER_PATHS = NO;
				CLANG_ANALYZER_NONNULL = YES;
				CLANG_ANALYZER_NUMBER_OBJECT_CONVERSION = YES_AGGRESSIVE;
				CLANG_CXX_LANGUAGE_STANDARD = "gnu++14";
				CLANG_CXX_LIBRARY = "libc++";
				CLANG_ENABLE_MODULES = YES;
				CLANG_ENABLE_OBJC_ARC = YES;
				CLANG_ENABLE_OBJC_WEAK = YES;
				CLANG_WARN_BLOCK_CAPTURE_AUTORELEASING = YES;
				CLANG_WARN_BOOL_CONVERSION = YES;
				CLANG_WARN_COMMA = YES;
				CLANG_WARN_CONSTANT_CONVERSION = YES;
				CLANG_WARN_DEPRECATED_OBJC_IMPLEMENTATIONS = YES;
				CLANG_WARN_DIRECT_OBJC_ISA_USAGE = YES_ERROR;
				CLANG_WARN_DOCUMENTATION_COMMENTS = YES;
				CLANG_WARN_EMPTY_BODY = YES;
				CLANG_WARN_ENUM_CONVERSION = YES;
				CLANG_WARN_INFINITE_RECURSION = YES;
				CLANG_WARN_INT_CONVERSION = YES;
				CLANG_WARN_NON_LITERAL_NULL_CONVERSION = YES;
				CLANG_WARN_OBJC_IMPLICIT_RETAIN_SELF = YES;
				CLANG_WARN_OBJC_LITERAL_CONVERSION = YES;
				CLANG_WARN_OBJC_ROOT_CLASS = YES_ERROR;
				CLANG_WARN_RANGE_LOOP_ANALYSIS = YES;
				CLANG_WARN_STRICT_PROTOTYPES = YES;
				CLANG_WARN_SUSPICIOUS_MOVE = YES;
				CLANG_WARN_UNGUARDED_AVAILABILITY = YES_AGGRESSIVE;
				CLANG_WARN_UNREACHABLE_CODE = YES;
				CLANG_WARN__DUPLICATE_METHOD_MATCH = YES;
				COPY_PHASE_STRIP = NO;
				DEBUG_INFORMATION_FORMAT = "dwarf-with-dsym";
				ENABLE_NS_ASSERTIONS = NO;
				ENABLE_STRICT_OBJC_MSGSEND = YES;
				GCC_C_LANGUAGE_STANDARD = gnu11;
				GCC_NO_COMMON_BLOCKS = YES;
				GCC_WARN_64_TO_32_BIT_CONVERSION = YES;
				GCC_WARN_ABOUT_RETURN_TYPE = YES_ERROR;
				GCC_WARN_UNDECLARED_SELECTOR = YES;
				GCC_WARN_UNINITIALIZED_AUTOS = YES_AGGRESSIVE;
				GCC_WARN_UNUSED_FUNCTION = YES;
				GCC_WARN_UNUSED_VARIABLE = YES;
				MACOSX_DEPLOYMENT_TARGET = 10.15;
				MTL_ENABLE_DEBUG_INFO = NO;
				MTL_FAST_MATH = YES;
				SDKROOT = macosx;
				SWIFT_COMPILATION_MODE = wholemodule;
				SWIFT_OPTIMIZATION_LEVEL = "-O";
			};
			name = Release;
		};
		86A43E2722F627DC00D68C4B /* Debug */ = {
			isa = XCBuildConfiguration;
			buildSettings = {
				ASSETCATALOG_COMPILER_APPICON_NAME = AppIcon;
				CODE_SIGN_ENTITLEMENTS = "scroll-view/scroll_view.entitlements";
				CODE_SIGN_IDENTITY = "-";
				CODE_SIGN_STYLE = Automatic;
				COMBINE_HIDPI_IMAGES = YES;
				DEVELOPMENT_ASSET_PATHS = "scroll-view/Preview\\ Content";
				ENABLE_PREVIEWS = YES;
				INFOPLIST_FILE = "scroll-view/Info.plist";
				LD_RUNPATH_SEARCH_PATHS = (
					"$(inherited)",
					"@executable_path/../Frameworks",
				);
				MACOSX_DEPLOYMENT_TARGET = 10.15;
				PRODUCT_BUNDLE_IDENTIFIER = "com.Gavin.scroll-view";
				PRODUCT_NAME = "$(TARGET_NAME)";
				SWIFT_VERSION = 5.0;
			};
			name = Debug;
		};
		86A43E2822F627DC00D68C4B /* Release */ = {
			isa = XCBuildConfiguration;
			buildSettings = {
				ASSETCATALOG_COMPILER_APPICON_NAME = AppIcon;
				CODE_SIGN_ENTITLEMENTS = "scroll-view/scroll_view.entitlements";
				CODE_SIGN_IDENTITY = "-";
				CODE_SIGN_STYLE = Automatic;
				COMBINE_HIDPI_IMAGES = YES;
				DEVELOPMENT_ASSET_PATHS = "scroll-view/Preview\\ Content";
				ENABLE_PREVIEWS = YES;
				INFOPLIST_FILE = "scroll-view/Info.plist";
				LD_RUNPATH_SEARCH_PATHS = (
					"$(inherited)",
					"@executable_path/../Frameworks",
				);
				MACOSX_DEPLOYMENT_TARGET = 10.15;
				PRODUCT_BUNDLE_IDENTIFIER = "com.Gavin.scroll-view";
				PRODUCT_NAME = "$(TARGET_NAME)";
				SWIFT_VERSION = 5.0;
			};
			name = Release;
		};
/* End XCBuildConfiguration section */

/* Begin XCConfigurationList section */
		86A43E0E22F627DA00D68C4B /* Build configuration list for PBXProject "scroll-view" */ = {
			isa = XCConfigurationList;
			buildConfigurations = (
				86A43E2422F627DC00D68C4B /* Debug */,
				86A43E2522F627DC00D68C4B /* Release */,
			);
			defaultConfigurationIsVisible = 0;
			defaultConfigurationName = Release;
		};
		86A43E2622F627DC00D68C4B /* Build configuration list for PBXNativeTarget "scroll-view" */ = {
			isa = XCConfigurationList;
			buildConfigurations = (
				86A43E2722F627DC00D68C4B /* Debug */,
				86A43E2822F627DC00D68C4B /* Release */,
			);
			defaultConfigurationIsVisible = 0;
			defaultConfigurationName = Release;
		};
/* End XCConfigurationList section */
	};
	rootObject = 86A43E0B22F627DA00D68C4B /* Project object */;
}
