// !$*UTF8*$!
{
	archiveVersion = 1;
	classes = {
	};
	objectVersion = 50;
	objects = {

/* Begin PBXBuildFile section */
		AAB3A2E0248C0075006917AB /* AppDelegate.swift in Sources */ = {isa = PBXBuildFile; fileRef = AAB3A2DF248C0075006917AB /* AppDelegate.swift */; };
		AAB3A2E2248C0075006917AB /* ContentView.swift in Sources */ = {isa = PBXBuildFile; fileRef = AAB3A2E1248C0075006917AB /* ContentView.swift */; };
		AAB3A2E4248C0076006917AB /* Assets.xcassets in Resources */ = {isa = PBXBuildFile; fileRef = AAB3A2E3248C0076006917AB /* Assets.xcassets */; };
		AAB3A2E7248C0076006917AB /* Preview Assets.xcassets in Resources */ = {isa = PBXBuildFile; fileRef = AAB3A2E6248C0076006917AB /* Preview Assets.xcassets */; };
		AAB3A2EA248C0076006917AB /* Main.storyboard in Resources */ = {isa = PBXBuildFile; fileRef = AAB3A2E8248C0076006917AB /* Main.storyboard */; };
/* End PBXBuildFile section */

/* Begin PBXFileReference section */
		AAB3A2DC248C0075006917AB /* text-copy.app */ = {isa = PBXFileReference; explicitFileType = wrapper.application; includeInIndex = 0; path = "text-copy.app"; sourceTree = BUILT_PRODUCTS_DIR; };
		AAB3A2DF248C0075006917AB /* AppDelegate.swift */ = {isa = PBXFileReference; lastKnownFileType = sourcecode.swift; path = AppDelegate.swift; sourceTree = "<group>"; };
		AAB3A2E1248C0075006917AB /* ContentView.swift */ = {isa = PBXFileReference; lastKnownFileType = sourcecode.swift; path = ContentView.swift; sourceTree = "<group>"; };
		AAB3A2E3248C0076006917AB /* Assets.xcassets */ = {isa = PBXFileReference; lastKnownFileType = folder.assetcatalog; path = Assets.xcassets; sourceTree = "<group>"; };
		AAB3A2E6248C0076006917AB /* Preview Assets.xcassets */ = {isa = PBXFileReference; lastKnownFileType = folder.assetcatalog; path = "Preview Assets.xcassets"; sourceTree = "<group>"; };
		AAB3A2E9248C0076006917AB /* Base */ = {isa = PBXFileReference; lastKnownFileType = file.storyboard; name = Base; path = Base.lproj/Main.storyboard; sourceTree = "<group>"; };
		AAB3A2EB248C0076006917AB /* Info.plist */ = {isa = PBXFileReference; lastKnownFileType = text.plist.xml; path = Info.plist; sourceTree = "<group>"; };
		AAB3A2EC248C0076006917AB /* text_copy.entitlements */ = {isa = PBXFileReference; lastKnownFileType = text.plist.entitlements; path = text_copy.entitlements; sourceTree = "<group>"; };
/* End PBXFileReference section */

/* Begin PBXFrameworksBuildPhase section */
		AAB3A2D9248C0075006917AB /* Frameworks */ = {
			isa = PBXFrameworksBuildPhase;
			buildActionMask = 2147483647;
			files = (
			);
			runOnlyForDeploymentPostprocessing = 0;
		};
/* End PBXFrameworksBuildPhase section */

/* Begin PBXGroup section */
		AAB3A2D3248C0075006917AB = {
			isa = PBXGroup;
			children = (
				AAB3A2DE248C0075006917AB /* text-copy */,
				AAB3A2DD248C0075006917AB /* Products */,
			);
			sourceTree = "<group>";
		};
		AAB3A2DD248C0075006917AB /* Products */ = {
			isa = PBXGroup;
			children = (
				AAB3A2DC248C0075006917AB /* text-copy.app */,
			);
			name = Products;
			sourceTree = "<group>";
		};
		AAB3A2DE248C0075006917AB /* text-copy */ = {
			isa = PBXGroup;
			children = (
				AAB3A2DF248C0075006917AB /* AppDelegate.swift */,
				AAB3A2E1248C0075006917AB /* ContentView.swift */,
				AAB3A2E3248C0076006917AB /* Assets.xcassets */,
				AAB3A2E8248C0076006917AB /* Main.storyboard */,
				AAB3A2EB248C0076006917AB /* Info.plist */,
				AAB3A2EC248C0076006917AB /* text_copy.entitlements */,
				AAB3A2E5248C0076006917AB /* Preview Content */,
			);
			path = "text-copy";
			sourceTree = "<group>";
		};
		AAB3A2E5248C0076006917AB /* Preview Content */ = {
			isa = PBXGroup;
			children = (
				AAB3A2E6248C0076006917AB /* Preview Assets.xcassets */,
			);
			path = "Preview Content";
			sourceTree = "<group>";
		};
/* End PBXGroup section */

/* Begin PBXNativeTarget section */
		AAB3A2DB248C0075006917AB /* text-copy */ = {
			isa = PBXNativeTarget;
			buildConfigurationList = AAB3A2EF248C0076006917AB /* Build configuration list for PBXNativeTarget "text-copy" */;
			buildPhases = (
				AAB3A2D8248C0075006917AB /* Sources */,
				AAB3A2D9248C0075006917AB /* Frameworks */,
				AAB3A2DA248C0075006917AB /* Resources */,
			);
			buildRules = (
			);
			dependencies = (
			);
			name = "text-copy";
			productName = "text-copy";
			productReference = AAB3A2DC248C0075006917AB /* text-copy.app */;
			productType = "com.apple.product-type.application";
		};
/* End PBXNativeTarget section */

/* Begin PBXProject section */
		AAB3A2D4248C0075006917AB /* Project object */ = {
			isa = PBXProject;
			attributes = {
				LastSwiftUpdateCheck = 1150;
				LastUpgradeCheck = 1150;
				ORGANIZATIONNAME = "Gavin Wiggins";
				TargetAttributes = {
					AAB3A2DB248C0075006917AB = {
						CreatedOnToolsVersion = 11.5;
					};
				};
			};
			buildConfigurationList = AAB3A2D7248C0075006917AB /* Build configuration list for PBXProject "text-copy" */;
			compatibilityVersion = "Xcode 9.3";
			developmentRegion = en;
			hasScannedForEncodings = 0;
			knownRegions = (
				en,
				Base,
			);
			mainGroup = AAB3A2D3248C0075006917AB;
			productRefGroup = AAB3A2DD248C0075006917AB /* Products */;
			projectDirPath = "";
			projectRoot = "";
			targets = (
				AAB3A2DB248C0075006917AB /* text-copy */,
			);
		};
/* End PBXProject section */

/* Begin PBXResourcesBuildPhase section */
		AAB3A2DA248C0075006917AB /* Resources */ = {
			isa = PBXResourcesBuildPhase;
			buildActionMask = 2147483647;
			files = (
				AAB3A2EA248C0076006917AB /* Main.storyboard in Resources */,
				AAB3A2E7248C0076006917AB /* Preview Assets.xcassets in Resources */,
				AAB3A2E4248C0076006917AB /* Assets.xcassets in Resources */,
			);
			runOnlyForDeploymentPostprocessing = 0;
		};
/* End PBXResourcesBuildPhase section */

/* Begin PBXSourcesBuildPhase section */
		AAB3A2D8248C0075006917AB /* Sources */ = {
			isa = PBXSourcesBuildPhase;
			buildActionMask = 2147483647;
			files = (
				AAB3A2E2248C0075006917AB /* ContentView.swift in Sources */,
				AAB3A2E0248C0075006917AB /* AppDelegate.swift in Sources */,
			);
			runOnlyForDeploymentPostprocessing = 0;
		};
/* End PBXSourcesBuildPhase section */

/* Begin PBXVariantGroup section */
		AAB3A2E8248C0076006917AB /* Main.storyboard */ = {
			isa = PBXVariantGroup;
			children = (
				AAB3A2E9248C0076006917AB /* Base */,
			);
			name = Main.storyboard;
			sourceTree = "<group>";
		};
/* End PBXVariantGroup section */

/* Begin XCBuildConfiguration section */
		AAB3A2ED248C0076006917AB /* Debug */ = {
			isa = XCBuildConfiguration;
			buildSettings = {
				ALWAYS_SEARCH_USER_PATHS = NO;
				CLANG_ANALYZER_NONNULL = YES;
				CLANG_ANALYZER_NUMBER_OBJECT_CONVERSION = YES_AGGRESSIVE;
				CLANG_CXX_LANGUAGE_STANDARD = "gnu++14";
				CLANG_CXX_LIBRARY = "libc++";
				CLANG_ENABLE_MODULES = YES;
				CLANG_ENABLE_OBJC_ARC = YES;
				CLANG_ENABLE_OBJC_WEAK = YES;
				CLANG_WARN_BLOCK_CAPTURE_AUTORELEASING = YES;
				CLANG_WARN_BOOL_CONVERSION = YES;
				CLANG_WARN_COMMA = YES;
				CLANG_WARN_CONSTANT_CONVERSION = YES;
				CLANG_WARN_DEPRECATED_OBJC_IMPLEMENTATIONS = YES;
				CLANG_WARN_DIRECT_OBJC_ISA_USAGE = YES_ERROR;
				CLANG_WARN_DOCUMENTATION_COMMENTS = YES;
				CLANG_WARN_EMPTY_BODY = YES;
				CLANG_WARN_ENUM_CONVERSION = YES;
				CLANG_WARN_INFINITE_RECURSION = YES;
				CLANG_WARN_INT_CONVERSION = YES;
				CLANG_WARN_NON_LITERAL_NULL_CONVERSION = YES;
				CLANG_WARN_OBJC_IMPLICIT_RETAIN_SELF = YES;
				CLANG_WARN_OBJC_LITERAL_CONVERSION = YES;
				CLANG_WARN_OBJC_ROOT_CLASS = YES_ERROR;
				CLANG_WARN_RANGE_LOOP_ANALYSIS = YES;
				CLANG_WARN_STRICT_PROTOTYPES = YES;
				CLANG_WARN_SUSPICIOUS_MOVE = YES;
				CLANG_WARN_UNGUARDED_AVAILABILITY = YES_AGGRESSIVE;
				CLANG_WARN_UNREACHABLE_CODE = YES;
				CLANG_WARN__DUPLICATE_METHOD_MATCH = YES;
				COPY_PHASE_STRIP = NO;
				DEBUG_INFORMATION_FORMAT = dwarf;
				ENABLE_STRICT_OBJC_MSGSEND = YES;
				ENABLE_TESTABILITY = YES;
				GCC_C_LANGUAGE_STANDARD = gnu11;
				GCC_DYNAMIC_NO_PIC = NO;
				GCC_NO_COMMON_BLOCKS = YES;
				GCC_OPTIMIZATION_LEVEL = 0;
				GCC_PREPROCESSOR_DEFINITIONS = (
					"DEBUG=1",
					"$(inherited)",
				);
				GCC_WARN_64_TO_32_BIT_CONVERSION = YES;
				GCC_WARN_ABOUT_RETURN_TYPE = YES_ERROR;
				GCC_WARN_UNDECLARED_SELECTOR = YES;
				GCC_WARN_UNINITIALIZED_AUTOS = YES_AGGRESSIVE;
				GCC_WARN_UNUSED_FUNCTION = YES;
				GCC_WARN_UNUSED_VARIABLE = YES;
				MACOSX_DEPLOYMENT_TARGET = 10.15;
				MTL_ENABLE_DEBUG_INFO = INCLUDE_SOURCE;
				MTL_FAST_MATH = YES;
				ONLY_ACTIVE_ARCH = YES;
				SDKROOT = macosx;
				SWIFT_ACTIVE_COMPILATION_CONDITIONS = DEBUG;
				SWIFT_OPTIMIZATION_LEVEL = "-Onone";
			};
			name = Debug;
		};
		AAB3A2EE248C0076006917AB /* Release */ = {
			isa = XCBuildConfiguration;
			buildSettings = {
				ALWAYS_SEARCH_USER_PATHS = NO;
				CLANG_ANALYZER_NONNULL = YES;
				CLANG_ANALYZER_NUMBER_OBJECT_CONVERSION = YES_AGGRESSIVE;
				CLANG_CXX_LANGUAGE_STANDARD = "gnu++14";
				CLANG_CXX_LIBRARY = "libc++";
				CLANG_ENABLE_MODULES = YES;
				CLANG_ENABLE_OBJC_ARC = YES;
				CLANG_ENABLE_OBJC_WEAK = YES;
				CLANG_WARN_BLOCK_CAPTURE_AUTORELEASING = YES;
				CLANG_WARN_BOOL_CONVERSION = YES;
				CLANG_WARN_COMMA = YES;
				CLANG_WARN_CONSTANT_CONVERSION = YES;
				CLANG_WARN_DEPRECATED_OBJC_IMPLEMENTATIONS = YES;
				CLANG_WARN_DIRECT_OBJC_ISA_USAGE = YES_ERROR;
				CLANG_WARN_DOCUMENTATION_COMMENTS = YES;
				CLANG_WARN_EMPTY_BODY = YES;
				CLANG_WARN_ENUM_CONVERSION = YES;
				CLANG_WARN_INFINITE_RECURSION = YES;
				CLANG_WARN_INT_CONVERSION = YES;
				CLANG_WARN_NON_LITERAL_NULL_CONVERSION = YES;
				CLANG_WARN_OBJC_IMPLICIT_RETAIN_SELF = YES;
				CLANG_WARN_OBJC_LITERAL_CONVERSION = YES;
				CLANG_WARN_OBJC_ROOT_CLASS = YES_ERROR;
				CLANG_WARN_RANGE_LOOP_ANALYSIS = YES;
				CLANG_WARN_STRICT_PROTOTYPES = YES;
				CLANG_WARN_SUSPICIOUS_MOVE = YES;
				CLANG_WARN_UNGUARDED_AVAILABILITY = YES_AGGRESSIVE;
				CLANG_WARN_UNREACHABLE_CODE = YES;
				CLANG_WARN__DUPLICATE_METHOD_MATCH = YES;
				COPY_PHASE_STRIP = NO;
				DEBUG_INFORMATION_FORMAT = "dwarf-with-dsym";
				ENABLE_NS_ASSERTIONS = NO;
				ENABLE_STRICT_OBJC_MSGSEND = YES;
				GCC_C_LANGUAGE_STANDARD = gnu11;
				GCC_NO_COMMON_BLOCKS = YES;
				GCC_WARN_64_TO_32_BIT_CONVERSION = YES;
				GCC_WARN_ABOUT_RETURN_TYPE = YES_ERROR;
				GCC_WARN_UNDECLARED_SELECTOR = YES;
				GCC_WARN_UNINITIALIZED_AUTOS = YES_AGGRESSIVE;
				GCC_WARN_UNUSED_FUNCTION = YES;
				GCC_WARN_UNUSED_VARIABLE = YES;
				MACOSX_DEPLOYMENT_TARGET = 10.15;
				MTL_ENABLE_DEBUG_INFO = NO;
				MTL_FAST_MATH = YES;
				SDKROOT = macosx;
				SWIFT_COMPILATION_MODE = wholemodule;
				SWIFT_OPTIMIZATION_LEVEL = "-O";
			};
			name = Release;
		};
		AAB3A2F0248C0076006917AB /* Debug */ = {
			isa = XCBuildConfiguration;
			buildSettings = {
				ASSETCATALOG_COMPILER_APPICON_NAME = AppIcon;
				CODE_SIGN_ENTITLEMENTS = "text-copy/text_copy.entitlements";
				CODE_SIGN_STYLE = Automatic;
				COMBINE_HIDPI_IMAGES = YES;
				DEVELOPMENT_ASSET_PATHS = "\"text-copy/Preview Content\"";
				ENABLE_PREVIEWS = YES;
				INFOPLIST_FILE = "text-copy/Info.plist";
				LD_RUNPATH_SEARCH_PATHS = (
					"$(inherited)",
					"@executable_path/../Frameworks",
				);
				MACOSX_DEPLOYMENT_TARGET = 10.15;
				PRODUCT_BUNDLE_IDENTIFIER = "com.GavinWiggins.text-copy";
				PRODUCT_NAME = "$(TARGET_NAME)";
				SWIFT_VERSION = 5.0;
			};
			name = Debug;
		};
		AAB3A2F1248C0076006917AB /* Release */ = {
			isa = XCBuildConfiguration;
			buildSettings = {
				ASSETCATALOG_COMPILER_APPICON_NAME = AppIcon;
				CODE_SIGN_ENTITLEMENTS = "text-copy/text_copy.entitlements";
				CODE_SIGN_STYLE = Automatic;
				COMBINE_HIDPI_IMAGES = YES;
				DEVELOPMENT_ASSET_PATHS = "\"text-copy/Preview Content\"";
				ENABLE_PREVIEWS = YES;
				INFOPLIST_FILE = "text-copy/Info.plist";
				LD_RUNPATH_SEARCH_PATHS = (
					"$(inherited)",
					"@executable_path/../Frameworks",
				);
				MACOSX_DEPLOYMENT_TARGET = 10.15;
				PRODUCT_BUNDLE_IDENTIFIER = "com.GavinWiggins.text-copy";
				PRODUCT_NAME = "$(TARGET_NAME)";
				SWIFT_VERSION = 5.0;
			};
			name = Release;
		};
/* End XCBuildConfiguration section */

/* Begin XCConfigurationList section */
		AAB3A2D7248C0075006917AB /* Build configuration list for PBXProject "text-copy" */ = {
			isa = XCConfigurationList;
			buildConfigurations = (
				AAB3A2ED248C0076006917AB /* Debug */,
				AAB3A2EE248C0076006917AB /* Release */,
			);
			defaultConfigurationIsVisible = 0;
			defaultConfigurationName = Release;
		};
		AAB3A2EF248C0076006917AB /* Build configuration list for PBXNativeTarget "text-copy" */ = {
			isa = XCConfigurationList;
			buildConfigurations = (
				AAB3A2F0248C0076006917AB /* Debug */,
				AAB3A2F1248C0076006917AB /* Release */,
			);
			defaultConfigurationIsVisible = 0;
			defaultConfigurationName = Release;
		};
/* End XCConfigurationList section */
	};
	rootObject = AAB3A2D4248C0075006917AB /* Project object */;
}
