// !$*UTF8*$!
{
	archiveVersion = 1;
	classes = {
	};
	objectVersion = 55;
	objects = {

/* Begin PBXBuildFile section */
		AAC89260280E3E06000872E9 /* main.swift in Sources */ = {isa = PBXBuildFile; fileRef = AAC8925F280E3E06000872E9 /* main.swift */; };
		AAC89267280E3F60000872E9 /* adderSwift.swift in Sources */ = {isa = PBXBuildFile; fileRef = AAC89266280E3F60000872E9 /* adderSwift.swift */; };
		AAC89269280E40A2000872E9 /* adderAccel.swift in Sources */ = {isa = PBXBuildFile; fileRef = AAC89268280E40A2000872E9 /* adderAccel.swift */; };
		AAC8926B280E435D000872E9 /* adderMetal.swift in Sources */ = {isa = PBXBuildFile; fileRef = AAC8926A280E435D000872E9 /* adderMetal.swift */; };
		AAC8926D280E43B9000872E9 /* adder.metal in Sources */ = {isa = PBXBuildFile; fileRef = AAC8926C280E43B9000872E9 /* adder.metal */; };
/* End PBXBuildFile section */

/* Begin PBXCopyFilesBuildPhase section */
		AAC8925A280E3E06000872E9 /* CopyFiles */ = {
			isa = PBXCopyFilesBuildPhase;
			buildActionMask = 2147483647;
			dstPath = /usr/share/man/man1/;
			dstSubfolderSpec = 0;
			files = (
			);
			runOnlyForDeploymentPostprocessing = 1;
		};
/* End PBXCopyFilesBuildPhase section */

/* Begin PBXFileReference section */
		AAC8925C280E3E06000872E9 /* ArrayAddition */ = {isa = PBXFileReference; explicitFileType = "compiled.mach-o.executable"; includeInIndex = 0; path = ArrayAddition; sourceTree = BUILT_PRODUCTS_DIR; };
		AAC8925F280E3E06000872E9 /* main.swift */ = {isa = PBXFileReference; lastKnownFileType = sourcecode.swift; path = main.swift; sourceTree = "<group>"; };
		AAC89266280E3F60000872E9 /* adderSwift.swift */ = {isa = PBXFileReference; lastKnownFileType = sourcecode.swift; path = adderSwift.swift; sourceTree = "<group>"; };
		AAC89268280E40A2000872E9 /* adderAccel.swift */ = {isa = PBXFileReference; lastKnownFileType = sourcecode.swift; path = adderAccel.swift; sourceTree = "<group>"; };
		AAC8926A280E435D000872E9 /* adderMetal.swift */ = {isa = PBXFileReference; lastKnownFileType = sourcecode.swift; path = adderMetal.swift; sourceTree = "<group>"; };
		AAC8926C280E43B9000872E9 /* adder.metal */ = {isa = PBXFileReference; lastKnownFileType = sourcecode.metal; path = adder.metal; sourceTree = "<group>"; };
/* End PBXFileReference section */

/* Begin PBXFrameworksBuildPhase section */
		AAC89259280E3E06000872E9 /* Frameworks */ = {
			isa = PBXFrameworksBuildPhase;
			buildActionMask = 2147483647;
			files = (
			);
			runOnlyForDeploymentPostprocessing = 0;
		};
/* End PBXFrameworksBuildPhase section */

/* Begin PBXGroup section */
		AAC89253280E3E06000872E9 = {
			isa = PBXGroup;
			children = (
				AAC8925E280E3E06000872E9 /* ArrayAddition */,
				AAC8925D280E3E06000872E9 /* Products */,
			);
			sourceTree = "<group>";
		};
		AAC8925D280E3E06000872E9 /* Products */ = {
			isa = PBXGroup;
			children = (
				AAC8925C280E3E06000872E9 /* ArrayAddition */,
			);
			name = Products;
			sourceTree = "<group>";
		};
		AAC8925E280E3E06000872E9 /* ArrayAddition */ = {
			isa = PBXGroup;
			children = (
				AAC8925F280E3E06000872E9 /* main.swift */,
				AAC89268280E40A2000872E9 /* adderAccel.swift */,
				AAC89266280E3F60000872E9 /* adderSwift.swift */,
				AAC8926A280E435D000872E9 /* adderMetal.swift */,
				AAC8926C280E43B9000872E9 /* adder.metal */,
			);
			path = ArrayAddition;
			sourceTree = "<group>";
		};
/* End PBXGroup section */

/* Begin PBXNativeTarget section */
		AAC8925B280E3E06000872E9 /* ArrayAddition */ = {
			isa = PBXNativeTarget;
			buildConfigurationList = AAC89263280E3E06000872E9 /* Build configuration list for PBXNativeTarget "ArrayAddition" */;
			buildPhases = (
				AAC89258280E3E06000872E9 /* Sources */,
				AAC89259280E3E06000872E9 /* Frameworks */,
				AAC8925A280E3E06000872E9 /* CopyFiles */,
			);
			buildRules = (
			);
			dependencies = (
			);
			name = ArrayAddition;
			productName = ArrayAddition;
			productReference = AAC8925C280E3E06000872E9 /* ArrayAddition */;
			productType = "com.apple.product-type.tool";
		};
/* End PBXNativeTarget section */

/* Begin PBXProject section */
		AAC89254280E3E06000872E9 /* Project object */ = {
			isa = PBXProject;
			attributes = {
				BuildIndependentTargetsInParallel = 1;
				LastSwiftUpdateCheck = 1330;
				LastUpgradeCheck = 1330;
				TargetAttributes = {
					AAC8925B280E3E06000872E9 = {
						CreatedOnToolsVersion = 13.3.1;
					};
				};
			};
			buildConfigurationList = AAC89257280E3E06000872E9 /* Build configuration list for PBXProject "ArrayAddition" */;
			compatibilityVersion = "Xcode 13.0";
			developmentRegion = en;
			hasScannedForEncodings = 0;
			knownRegions = (
				en,
				Base,
			);
			mainGroup = AAC89253280E3E06000872E9;
			productRefGroup = AAC8925D280E3E06000872E9 /* Products */;
			projectDirPath = "";
			projectRoot = "";
			targets = (
				AAC8925B280E3E06000872E9 /* ArrayAddition */,
			);
		};
/* End PBXProject section */

/* Begin PBXSourcesBuildPhase section */
		AAC89258280E3E06000872E9 /* Sources */ = {
			isa = PBXSourcesBuildPhase;
			buildActionMask = 2147483647;
			files = (
				AAC89269280E40A2000872E9 /* adderAccel.swift in Sources */,
				AAC8926D280E43B9000872E9 /* adder.metal in Sources */,
				AAC89267280E3F60000872E9 /* adderSwift.swift in Sources */,
				AAC8926B280E435D000872E9 /* adderMetal.swift in Sources */,
				AAC89260280E3E06000872E9 /* main.swift in Sources */,
			);
			runOnlyForDeploymentPostprocessing = 0;
		};
/* End PBXSourcesBuildPhase section */

/* Begin XCBuildConfiguration section */
		AAC89261280E3E06000872E9 /* Debug */ = {
			isa = XCBuildConfiguration;
			buildSettings = {
				ALWAYS_SEARCH_USER_PATHS = NO;
				CLANG_ANALYZER_NONNULL = YES;
				CLANG_ANALYZER_NUMBER_OBJECT_CONVERSION = YES_AGGRESSIVE;
				CLANG_CXX_LANGUAGE_STANDARD = "gnu++17";
				CLANG_ENABLE_MODULES = YES;
				CLANG_ENABLE_OBJC_ARC = YES;
				CLANG_ENABLE_OBJC_WEAK = YES;
				CLANG_WARN_BLOCK_CAPTURE_AUTORELEASING = YES;
				CLANG_WARN_BOOL_CONVERSION = YES;
				CLANG_WARN_COMMA = YES;
				CLANG_WARN_CONSTANT_CONVERSION = YES;
				CLANG_WARN_DEPRECATED_OBJC_IMPLEMENTATIONS = YES;
				CLANG_WARN_DIRECT_OBJC_ISA_USAGE = YES_ERROR;
				CLANG_WARN_DOCUMENTATION_COMMENTS = YES;
				CLANG_WARN_EMPTY_BODY = YES;
				CLANG_WARN_ENUM_CONVERSION = YES;
				CLANG_WARN_INFINITE_RECURSION = YES;
				CLANG_WARN_INT_CONVERSION = YES;
				CLANG_WARN_NON_LITERAL_NULL_CONVERSION = YES;
				CLANG_WARN_OBJC_IMPLICIT_RETAIN_SELF = YES;
				CLANG_WARN_OBJC_LITERAL_CONVERSION = YES;
				CLANG_WARN_OBJC_ROOT_CLASS = YES_ERROR;
				CLANG_WARN_QUOTED_INCLUDE_IN_FRAMEWORK_HEADER = YES;
				CLANG_WARN_RANGE_LOOP_ANALYSIS = YES;
				CLANG_WARN_STRICT_PROTOTYPES = YES;
				CLANG_WARN_SUSPICIOUS_MOVE = YES;
				CLANG_WARN_UNGUARDED_AVAILABILITY = YES_AGGRESSIVE;
				CLANG_WARN_UNREACHABLE_CODE = YES;
				CLANG_WARN__DUPLICATE_METHOD_MATCH = YES;
				COPY_PHASE_STRIP = NO;
				DEBUG_INFORMATION_FORMAT = dwarf;
				ENABLE_STRICT_OBJC_MSGSEND = YES;
				ENABLE_TESTABILITY = YES;
				GCC_C_LANGUAGE_STANDARD = gnu11;
				GCC_DYNAMIC_NO_PIC = NO;
				GCC_NO_COMMON_BLOCKS = YES;
				GCC_OPTIMIZATION_LEVEL = 0;
				GCC_PREPROCESSOR_DEFINITIONS = (
					"DEBUG=1",
					"$(inherited)",
				);
				GCC_WARN_64_TO_32_BIT_CONVERSION = YES;
				GCC_WARN_ABOUT_RETURN_TYPE = YES_ERROR;
				GCC_WARN_UNDECLARED_SELECTOR = YES;
				GCC_WARN_UNINITIALIZED_AUTOS = YES_AGGRESSIVE;
				GCC_WARN_UNUSED_FUNCTION = YES;
				GCC_WARN_UNUSED_VARIABLE = YES;
				MACOSX_DEPLOYMENT_TARGET = 12.3;
				MTL_ENABLE_DEBUG_INFO = INCLUDE_SOURCE;
				MTL_FAST_MATH = YES;
				ONLY_ACTIVE_ARCH = YES;
				SDKROOT = macosx;
				SWIFT_ACTIVE_COMPILATION_CONDITIONS = DEBUG;
				SWIFT_OPTIMIZATION_LEVEL = "-Onone";
			};
			name = Debug;
		};
		AAC89262280E3E06000872E9 /* Release */ = {
			isa = XCBuildConfiguration;
			buildSettings = {
				ALWAYS_SEARCH_USER_PATHS = NO;
				CLANG_ANALYZER_NONNULL = YES;
				CLANG_ANALYZER_NUMBER_OBJECT_CONVERSION = YES_AGGRESSIVE;
				CLANG_CXX_LANGUAGE_STANDARD = "gnu++17";
				CLANG_ENABLE_MODULES = YES;
				CLANG_ENABLE_OBJC_ARC = YES;
				CLANG_ENABLE_OBJC_WEAK = YES;
				CLANG_WARN_BLOCK_CAPTURE_AUTORELEASING = YES;
				CLANG_WARN_BOOL_CONVERSION = YES;
				CLANG_WARN_COMMA = YES;
				CLANG_WARN_CONSTANT_CONVERSION = YES;
				CLANG_WARN_DEPRECATED_OBJC_IMPLEMENTATIONS = YES;
				CLANG_WARN_DIRECT_OBJC_ISA_USAGE = YES_ERROR;
				CLANG_WARN_DOCUMENTATION_COMMENTS = YES;
				CLANG_WARN_EMPTY_BODY = YES;
				CLANG_WARN_ENUM_CONVERSION = YES;
				CLANG_WARN_INFINITE_RECURSION = YES;
				CLANG_WARN_INT_CONVERSION = YES;
				CLANG_WARN_NON_LITERAL_NULL_CONVERSION = YES;
				CLANG_WARN_OBJC_IMPLICIT_RETAIN_SELF = YES;
				CLANG_WARN_OBJC_LITERAL_CONVERSION = YES;
				CLANG_WARN_OBJC_ROOT_CLASS = YES_ERROR;
				CLANG_WARN_QUOTED_INCLUDE_IN_FRAMEWORK_HEADER = YES;
				CLANG_WARN_RANGE_LOOP_ANALYSIS = YES;
				CLANG_WARN_STRICT_PROTOTYPES = YES;
				CLANG_WARN_SUSPICIOUS_MOVE = YES;
				CLANG_WARN_UNGUARDED_AVAILABILITY = YES_AGGRESSIVE;
				CLANG_WARN_UNREACHABLE_CODE = YES;
				CLANG_WARN__DUPLICATE_METHOD_MATCH = YES;
				COPY_PHASE_STRIP = NO;
				DEBUG_INFORMATION_FORMAT = "dwarf-with-dsym";
				ENABLE_NS_ASSERTIONS = NO;
				ENABLE_STRICT_OBJC_MSGSEND = YES;
				GCC_C_LANGUAGE_STANDARD = gnu11;
				GCC_NO_COMMON_BLOCKS = YES;
				GCC_WARN_64_TO_32_BIT_CONVERSION = YES;
				GCC_WARN_ABOUT_RETURN_TYPE = YES_ERROR;
				GCC_WARN_UNDECLARED_SELECTOR = YES;
				GCC_WARN_UNINITIALIZED_AUTOS = YES_AGGRESSIVE;
				GCC_WARN_UNUSED_FUNCTION = YES;
				GCC_WARN_UNUSED_VARIABLE = YES;
				MACOSX_DEPLOYMENT_TARGET = 12.3;
				MTL_ENABLE_DEBUG_INFO = NO;
				MTL_FAST_MATH = YES;
				SDKROOT = macosx;
				SWIFT_COMPILATION_MODE = wholemodule;
				SWIFT_OPTIMIZATION_LEVEL = "-O";
			};
			name = Release;
		};
		AAC89264280E3E06000872E9 /* Debug */ = {
			isa = XCBuildConfiguration;
			buildSettings = {
				CODE_SIGN_STYLE = Automatic;
				PRODUCT_NAME = "$(TARGET_NAME)";
				SWIFT_VERSION = 5.0;
			};
			name = Debug;
		};
		AAC89265280E3E06000872E9 /* Release */ = {
			isa = XCBuildConfiguration;
			buildSettings = {
				CODE_SIGN_STYLE = Automatic;
				PRODUCT_NAME = "$(TARGET_NAME)";
				SWIFT_VERSION = 5.0;
			};
			name = Release;
		};
/* End XCBuildConfiguration section */

/* Begin XCConfigurationList section */
		AAC89257280E3E06000872E9 /* Build configuration list for PBXProject "ArrayAddition" */ = {
			isa = XCConfigurationList;
			buildConfigurations = (
				AAC89261280E3E06000872E9 /* Debug */,
				AAC89262280E3E06000872E9 /* Release */,
			);
			defaultConfigurationIsVisible = 0;
			defaultConfigurationName = Release;
		};
		AAC89263280E3E06000872E9 /* Build configuration list for PBXNativeTarget "ArrayAddition" */ = {
			isa = XCConfigurationList;
			buildConfigurations = (
				AAC89264280E3E06000872E9 /* Debug */,
				AAC89265280E3E06000872E9 /* Release */,
			);
			defaultConfigurationIsVisible = 0;
			defaultConfigurationName = Release;
		};
/* End XCConfigurationList section */
	};
	rootObject = AAC89254280E3E06000872E9 /* Project object */;
}
