// !$*UTF8*$!
{
	archiveVersion = 1;
	classes = {
	};
	objectVersion = 50;
	objects = {

/* Begin PBXBuildFile section */
		AAB1DCDB2434CD08008BF426 /* AppDelegate.swift in Sources */ = {isa = PBXBuildFile; fileRef = AAB1DCDA2434CD08008BF426 /* AppDelegate.swift */; };
		AAB1DCDD2434CD08008BF426 /* ContentView.swift in Sources */ = {isa = PBXBuildFile; fileRef = AAB1DCDC2434CD08008BF426 /* ContentView.swift */; };
		AAB1DCDF2434CD09008BF426 /* Assets.xcassets in Resources */ = {isa = PBXBuildFile; fileRef = AAB1DCDE2434CD09008BF426 /* Assets.xcassets */; };
		AAB1DCE22434CD09008BF426 /* Preview Assets.xcassets in Resources */ = {isa = PBXBuildFile; fileRef = AAB1DCE12434CD09008BF426 /* Preview Assets.xcassets */; };
		AAB1DCE52434CD09008BF426 /* Main.storyboard in Resources */ = {isa = PBXBuildFile; fileRef = AAB1DCE32434CD09008BF426 /* Main.storyboard */; };
/* End PBXBuildFile section */

/* Begin PBXFileReference section */
		AAB1DCD72434CD08008BF426 /* window-reopen.app */ = {isa = PBXFileReference; explicitFileType = wrapper.application; includeInIndex = 0; path = "window-reopen.app"; sourceTree = BUILT_PRODUCTS_DIR; };
		AAB1DCDA2434CD08008BF426 /* AppDelegate.swift */ = {isa = PBXFileReference; lastKnownFileType = sourcecode.swift; path = AppDelegate.swift; sourceTree = "<group>"; };
		AAB1DCDC2434CD08008BF426 /* ContentView.swift */ = {isa = PBXFileReference; lastKnownFileType = sourcecode.swift; path = ContentView.swift; sourceTree = "<group>"; };
		AAB1DCDE2434CD09008BF426 /* Assets.xcassets */ = {isa = PBXFileReference; lastKnownFileType = folder.assetcatalog; path = Assets.xcassets; sourceTree = "<group>"; };
		AAB1DCE12434CD09008BF426 /* Preview Assets.xcassets */ = {isa = PBXFileReference; lastKnownFileType = folder.assetcatalog; path = "Preview Assets.xcassets"; sourceTree = "<group>"; };
		AAB1DCE42434CD09008BF426 /* Base */ = {isa = PBXFileReference; lastKnownFileType = file.storyboard; name = Base; path = Base.lproj/Main.storyboard; sourceTree = "<group>"; };
		AAB1DCE62434CD09008BF426 /* Info.plist */ = {isa = PBXFileReference; lastKnownFileType = text.plist.xml; path = Info.plist; sourceTree = "<group>"; };
		AAB1DCE72434CD09008BF426 /* window_reopen.entitlements */ = {isa = PBXFileReference; lastKnownFileType = text.plist.entitlements; path = window_reopen.entitlements; sourceTree = "<group>"; };
/* End PBXFileReference section */

/* Begin PBXFrameworksBuildPhase section */
		AAB1DCD42434CD08008BF426 /* Frameworks */ = {
			isa = PBXFrameworksBuildPhase;
			buildActionMask = 2147483647;
			files = (
			);
			runOnlyForDeploymentPostprocessing = 0;
		};
/* End PBXFrameworksBuildPhase section */

/* Begin PBXGroup section */
		AAB1DCCE2434CD08008BF426 = {
			isa = PBXGroup;
			children = (
				AAB1DCD92434CD08008BF426 /* window-reopen */,
				AAB1DCD82434CD08008BF426 /* Products */,
			);
			sourceTree = "<group>";
		};
		AAB1DCD82434CD08008BF426 /* Products */ = {
			isa = PBXGroup;
			children = (
				AAB1DCD72434CD08008BF426 /* window-reopen.app */,
			);
			name = Products;
			sourceTree = "<group>";
		};
		AAB1DCD92434CD08008BF426 /* window-reopen */ = {
			isa = PBXGroup;
			children = (
				AAB1DCDA2434CD08008BF426 /* AppDelegate.swift */,
				AAB1DCDC2434CD08008BF426 /* ContentView.swift */,
				AAB1DCDE2434CD09008BF426 /* Assets.xcassets */,
				AAB1DCE32434CD09008BF426 /* Main.storyboard */,
				AAB1DCE62434CD09008BF426 /* Info.plist */,
				AAB1DCE72434CD09008BF426 /* window_reopen.entitlements */,
				AAB1DCE02434CD09008BF426 /* Preview Content */,
			);
			path = "window-reopen";
			sourceTree = "<group>";
		};
		AAB1DCE02434CD09008BF426 /* Preview Content */ = {
			isa = PBXGroup;
			children = (
				AAB1DCE12434CD09008BF426 /* Preview Assets.xcassets */,
			);
			path = "Preview Content";
			sourceTree = "<group>";
		};
/* End PBXGroup section */

/* Begin PBXNativeTarget section */
		AAB1DCD62434CD08008BF426 /* window-reopen */ = {
			isa = PBXNativeTarget;
			buildConfigurationList = AAB1DCEA2434CD09008BF426 /* Build configuration list for PBXNativeTarget "window-reopen" */;
			buildPhases = (
				AAB1DCD32434CD08008BF426 /* Sources */,
				AAB1DCD42434CD08008BF426 /* Frameworks */,
				AAB1DCD52434CD08008BF426 /* Resources */,
			);
			buildRules = (
			);
			dependencies = (
			);
			name = "window-reopen";
			productName = "window-reopen";
			productReference = AAB1DCD72434CD08008BF426 /* window-reopen.app */;
			productType = "com.apple.product-type.application";
		};
/* End PBXNativeTarget section */

/* Begin PBXProject section */
		AAB1DCCF2434CD08008BF426 /* Project object */ = {
			isa = PBXProject;
			attributes = {
				LastSwiftUpdateCheck = 1140;
				LastUpgradeCheck = 1140;
				ORGANIZATIONNAME = "Gavin Wiggins";
				TargetAttributes = {
					AAB1DCD62434CD08008BF426 = {
						CreatedOnToolsVersion = 11.4;
					};
				};
			};
			buildConfigurationList = AAB1DCD22434CD08008BF426 /* Build configuration list for PBXProject "window-reopen" */;
			compatibilityVersion = "Xcode 9.3";
			developmentRegion = en;
			hasScannedForEncodings = 0;
			knownRegions = (
				en,
				Base,
			);
			mainGroup = AAB1DCCE2434CD08008BF426;
			productRefGroup = AAB1DCD82434CD08008BF426 /* Products */;
			projectDirPath = "";
			projectRoot = "";
			targets = (
				AAB1DCD62434CD08008BF426 /* window-reopen */,
			);
		};
/* End PBXProject section */

/* Begin PBXResourcesBuildPhase section */
		AAB1DCD52434CD08008BF426 /* Resources */ = {
			isa = PBXResourcesBuildPhase;
			buildActionMask = 2147483647;
			files = (
				AAB1DCE52434CD09008BF426 /* Main.storyboard in Resources */,
				AAB1DCE22434CD09008BF426 /* Preview Assets.xcassets in Resources */,
				AAB1DCDF2434CD09008BF426 /* Assets.xcassets in Resources */,
			);
			runOnlyForDeploymentPostprocessing = 0;
		};
/* End PBXResourcesBuildPhase section */

/* Begin PBXSourcesBuildPhase section */
		AAB1DCD32434CD08008BF426 /* Sources */ = {
			isa = PBXSourcesBuildPhase;
			buildActionMask = 2147483647;
			files = (
				AAB1DCDD2434CD08008BF426 /* ContentView.swift in Sources */,
				AAB1DCDB2434CD08008BF426 /* AppDelegate.swift in Sources */,
			);
			runOnlyForDeploymentPostprocessing = 0;
		};
/* End PBXSourcesBuildPhase section */

/* Begin PBXVariantGroup section */
		AAB1DCE32434CD09008BF426 /* Main.storyboard */ = {
			isa = PBXVariantGroup;
			children = (
				AAB1DCE42434CD09008BF426 /* Base */,
			);
			name = Main.storyboard;
			sourceTree = "<group>";
		};
/* End PBXVariantGroup section */

/* Begin XCBuildConfiguration section */
		AAB1DCE82434CD09008BF426 /* Debug */ = {
			isa = XCBuildConfiguration;
			buildSettings = {
				ALWAYS_SEARCH_USER_PATHS = NO;
				CLANG_ANALYZER_NONNULL = YES;
				CLANG_ANALYZER_NUMBER_OBJECT_CONVERSION = YES_AGGRESSIVE;
				CLANG_CXX_LANGUAGE_STANDARD = "gnu++14";
				CLANG_CXX_LIBRARY = "libc++";
				CLANG_ENABLE_MODULES = YES;
				CLANG_ENABLE_OBJC_ARC = YES;
				CLANG_ENABLE_OBJC_WEAK = YES;
				CLANG_WARN_BLOCK_CAPTURE_AUTORELEASING = YES;
				CLANG_WARN_BOOL_CONVERSION = YES;
				CLANG_WARN_COMMA = YES;
				CLANG_WARN_CONSTANT_CONVERSION = YES;
				CLANG_WARN_DEPRECATED_OBJC_IMPLEMENTATIONS = YES;
				CLANG_WARN_DIRECT_OBJC_ISA_USAGE = YES_ERROR;
				CLANG_WARN_DOCUMENTATION_COMMENTS = YES;
				CLANG_WARN_EMPTY_BODY = YES;
				CLANG_WARN_ENUM_CONVERSION = YES;
				CLANG_WARN_INFINITE_RECURSION = YES;
				CLANG_WARN_INT_CONVERSION = YES;
				CLANG_WARN_NON_LITERAL_NULL_CONVERSION = YES;
				CLANG_WARN_OBJC_IMPLICIT_RETAIN_SELF = YES;
				CLANG_WARN_OBJC_LITERAL_CONVERSION = YES;
				CLANG_WARN_OBJC_ROOT_CLASS = YES_ERROR;
				CLANG_WARN_RANGE_LOOP_ANALYSIS = YES;
				CLANG_WARN_STRICT_PROTOTYPES = YES;
				CLANG_WARN_SUSPICIOUS_MOVE = YES;
				CLANG_WARN_UNGUARDED_AVAILABILITY = YES_AGGRESSIVE;
				CLANG_WARN_UNREACHABLE_CODE = YES;
				CLANG_WARN__DUPLICATE_METHOD_MATCH = YES;
				COPY_PHASE_STRIP = NO;
				DEBUG_INFORMATION_FORMAT = dwarf;
				ENABLE_STRICT_OBJC_MSGSEND = YES;
				ENABLE_TESTABILITY = YES;
				GCC_C_LANGUAGE_STANDARD = gnu11;
				GCC_DYNAMIC_NO_PIC = NO;
				GCC_NO_COMMON_BLOCKS = YES;
				GCC_OPTIMIZATION_LEVEL = 0;
				GCC_PREPROCESSOR_DEFINITIONS = (
					"DEBUG=1",
					"$(inherited)",
				);
				GCC_WARN_64_TO_32_BIT_CONVERSION = YES;
				GCC_WARN_ABOUT_RETURN_TYPE = YES_ERROR;
				GCC_WARN_UNDECLARED_SELECTOR = YES;
				GCC_WARN_UNINITIALIZED_AUTOS = YES_AGGRESSIVE;
				GCC_WARN_UNUSED_FUNCTION = YES;
				GCC_WARN_UNUSED_VARIABLE = YES;
				MACOSX_DEPLOYMENT_TARGET = 10.15;
				MTL_ENABLE_DEBUG_INFO = INCLUDE_SOURCE;
				MTL_FAST_MATH = YES;
				ONLY_ACTIVE_ARCH = YES;
				SDKROOT = macosx;
				SWIFT_ACTIVE_COMPILATION_CONDITIONS = DEBUG;
				SWIFT_OPTIMIZATION_LEVEL = "-Onone";
			};
			name = Debug;
		};
		AAB1DCE92434CD09008BF426 /* Release */ = {
			isa = XCBuildConfiguration;
			buildSettings = {
				ALWAYS_SEARCH_USER_PATHS = NO;
				CLANG_ANALYZER_NONNULL = YES;
				CLANG_ANALYZER_NUMBER_OBJECT_CONVERSION = YES_AGGRESSIVE;
				CLANG_CXX_LANGUAGE_STANDARD = "gnu++14";
				CLANG_CXX_LIBRARY = "libc++";
				CLANG_ENABLE_MODULES = YES;
				CLANG_ENABLE_OBJC_ARC = YES;
				CLANG_ENABLE_OBJC_WEAK = YES;
				CLANG_WARN_BLOCK_CAPTURE_AUTORELEASING = YES;
				CLANG_WARN_BOOL_CONVERSION = YES;
				CLANG_WARN_COMMA = YES;
				CLANG_WARN_CONSTANT_CONVERSION = YES;
				CLANG_WARN_DEPRECATED_OBJC_IMPLEMENTATIONS = YES;
				CLANG_WARN_DIRECT_OBJC_ISA_USAGE = YES_ERROR;
				CLANG_WARN_DOCUMENTATION_COMMENTS = YES;
				CLANG_WARN_EMPTY_BODY = YES;
				CLANG_WARN_ENUM_CONVERSION = YES;
				CLANG_WARN_INFINITE_RECURSION = YES;
				CLANG_WARN_INT_CONVERSION = YES;
				CLANG_WARN_NON_LITERAL_NULL_CONVERSION = YES;
				CLANG_WARN_OBJC_IMPLICIT_RETAIN_SELF = YES;
				CLANG_WARN_OBJC_LITERAL_CONVERSION = YES;
				CLANG_WARN_OBJC_ROOT_CLASS = YES_ERROR;
				CLANG_WARN_RANGE_LOOP_ANALYSIS = YES;
				CLANG_WARN_STRICT_PROTOTYPES = YES;
				CLANG_WARN_SUSPICIOUS_MOVE = YES;
				CLANG_WARN_UNGUARDED_AVAILABILITY = YES_AGGRESSIVE;
				CLANG_WARN_UNREACHABLE_CODE = YES;
				CLANG_WARN__DUPLICATE_METHOD_MATCH = YES;
				COPY_PHASE_STRIP = NO;
				DEBUG_INFORMATION_FORMAT = "dwarf-with-dsym";
				ENABLE_NS_ASSERTIONS = NO;
				ENABLE_STRICT_OBJC_MSGSEND = YES;
				GCC_C_LANGUAGE_STANDARD = gnu11;
				GCC_NO_COMMON_BLOCKS = YES;
				GCC_WARN_64_TO_32_BIT_CONVERSION = YES;
				GCC_WARN_ABOUT_RETURN_TYPE = YES_ERROR;
				GCC_WARN_UNDECLARED_SELECTOR = YES;
				GCC_WARN_UNINITIALIZED_AUTOS = YES_AGGRESSIVE;
				GCC_WARN_UNUSED_FUNCTION = YES;
				GCC_WARN_UNUSED_VARIABLE = YES;
				MACOSX_DEPLOYMENT_TARGET = 10.15;
				MTL_ENABLE_DEBUG_INFO = NO;
				MTL_FAST_MATH = YES;
				SDKROOT = macosx;
				SWIFT_COMPILATION_MODE = wholemodule;
				SWIFT_OPTIMIZATION_LEVEL = "-O";
			};
			name = Release;
		};
		AAB1DCEB2434CD09008BF426 /* Debug */ = {
			isa = XCBuildConfiguration;
			buildSettings = {
				ASSETCATALOG_COMPILER_APPICON_NAME = AppIcon;
				CODE_SIGN_ENTITLEMENTS = "window-reopen/window_reopen.entitlements";
				CODE_SIGN_STYLE = Automatic;
				COMBINE_HIDPI_IMAGES = YES;
				DEVELOPMENT_ASSET_PATHS = "\"window-reopen/Preview Content\"";
				ENABLE_PREVIEWS = YES;
				INFOPLIST_FILE = "window-reopen/Info.plist";
				LD_RUNPATH_SEARCH_PATHS = (
					"$(inherited)",
					"@executable_path/../Frameworks",
				);
				MACOSX_DEPLOYMENT_TARGET = 10.15;
				PRODUCT_BUNDLE_IDENTIFIER = "com.GavinWiggins.window-reopen";
				PRODUCT_NAME = "$(TARGET_NAME)";
				SWIFT_VERSION = 5.0;
			};
			name = Debug;
		};
		AAB1DCEC2434CD09008BF426 /* Release */ = {
			isa = XCBuildConfiguration;
			buildSettings = {
				ASSETCATALOG_COMPILER_APPICON_NAME = AppIcon;
				CODE_SIGN_ENTITLEMENTS = "window-reopen/window_reopen.entitlements";
				CODE_SIGN_STYLE = Automatic;
				COMBINE_HIDPI_IMAGES = YES;
				DEVELOPMENT_ASSET_PATHS = "\"window-reopen/Preview Content\"";
				ENABLE_PREVIEWS = YES;
				INFOPLIST_FILE = "window-reopen/Info.plist";
				LD_RUNPATH_SEARCH_PATHS = (
					"$(inherited)",
					"@executable_path/../Frameworks",
				);
				MACOSX_DEPLOYMENT_TARGET = 10.15;
				PRODUCT_BUNDLE_IDENTIFIER = "com.GavinWiggins.window-reopen";
				PRODUCT_NAME = "$(TARGET_NAME)";
				SWIFT_VERSION = 5.0;
			};
			name = Release;
		};
/* End XCBuildConfiguration section */

/* Begin XCConfigurationList section */
		AAB1DCD22434CD08008BF426 /* Build configuration list for PBXProject "window-reopen" */ = {
			isa = XCConfigurationList;
			buildConfigurations = (
				AAB1DCE82434CD09008BF426 /* Debug */,
				AAB1DCE92434CD09008BF426 /* Release */,
			);
			defaultConfigurationIsVisible = 0;
			defaultConfigurationName = Release;
		};
		AAB1DCEA2434CD09008BF426 /* Build configuration list for PBXNativeTarget "window-reopen" */ = {
			isa = XCConfigurationList;
			buildConfigurations = (
				AAB1DCEB2434CD09008BF426 /* Debug */,
				AAB1DCEC2434CD09008BF426 /* Release */,
			);
			defaultConfigurationIsVisible = 0;
			defaultConfigurationName = Release;
		};
/* End XCConfigurationList section */
	};
	rootObject = AAB1DCCF2434CD08008BF426 /* Project object */;
}
