// !$*UTF8*$!
{
	archiveVersion = 1;
	classes = {
	};
	objectVersion = 50;
	objects = {

/* Begin PBXBuildFile section */
		AA21EBD42458F56B0000E8EB /* AppDelegate.swift in Sources */ = {isa = PBXBuildFile; fileRef = AA21EBD32458F56B0000E8EB /* AppDelegate.swift */; };
		AA21EBD62458F56B0000E8EB /* ContentView.swift in Sources */ = {isa = PBXBuildFile; fileRef = AA21EBD52458F56B0000E8EB /* ContentView.swift */; };
		AA21EBD82458F56C0000E8EB /* Assets.xcassets in Resources */ = {isa = PBXBuildFile; fileRef = AA21EBD72458F56C0000E8EB /* Assets.xcassets */; };
		AA21EBDB2458F56C0000E8EB /* Preview Assets.xcassets in Resources */ = {isa = PBXBuildFile; fileRef = AA21EBDA2458F56C0000E8EB /* Preview Assets.xcassets */; };
		AA21EBDE2458F56C0000E8EB /* Main.storyboard in Resources */ = {isa = PBXBuildFile; fileRef = AA21EBDC2458F56C0000E8EB /* Main.storyboard */; };
/* End PBXBuildFile section */

/* Begin PBXFileReference section */
		AA21EBD02458F56B0000E8EB /* sidebar-width.app */ = {isa = PBXFileReference; explicitFileType = wrapper.application; includeInIndex = 0; path = "sidebar-width.app"; sourceTree = BUILT_PRODUCTS_DIR; };
		AA21EBD32458F56B0000E8EB /* AppDelegate.swift */ = {isa = PBXFileReference; lastKnownFileType = sourcecode.swift; path = AppDelegate.swift; sourceTree = "<group>"; };
		AA21EBD52458F56B0000E8EB /* ContentView.swift */ = {isa = PBXFileReference; lastKnownFileType = sourcecode.swift; path = ContentView.swift; sourceTree = "<group>"; };
		AA21EBD72458F56C0000E8EB /* Assets.xcassets */ = {isa = PBXFileReference; lastKnownFileType = folder.assetcatalog; path = Assets.xcassets; sourceTree = "<group>"; };
		AA21EBDA2458F56C0000E8EB /* Preview Assets.xcassets */ = {isa = PBXFileReference; lastKnownFileType = folder.assetcatalog; path = "Preview Assets.xcassets"; sourceTree = "<group>"; };
		AA21EBDD2458F56C0000E8EB /* Base */ = {isa = PBXFileReference; lastKnownFileType = file.storyboard; name = Base; path = Base.lproj/Main.storyboard; sourceTree = "<group>"; };
		AA21EBDF2458F56C0000E8EB /* Info.plist */ = {isa = PBXFileReference; lastKnownFileType = text.plist.xml; path = Info.plist; sourceTree = "<group>"; };
		AA21EBE02458F56C0000E8EB /* sidebar_width.entitlements */ = {isa = PBXFileReference; lastKnownFileType = text.plist.entitlements; path = sidebar_width.entitlements; sourceTree = "<group>"; };
/* End PBXFileReference section */

/* Begin PBXFrameworksBuildPhase section */
		AA21EBCD2458F56B0000E8EB /* Frameworks */ = {
			isa = PBXFrameworksBuildPhase;
			buildActionMask = 2147483647;
			files = (
			);
			runOnlyForDeploymentPostprocessing = 0;
		};
/* End PBXFrameworksBuildPhase section */

/* Begin PBXGroup section */
		AA21EBC72458F56B0000E8EB = {
			isa = PBXGroup;
			children = (
				AA21EBD22458F56B0000E8EB /* sidebar-width */,
				AA21EBD12458F56B0000E8EB /* Products */,
			);
			sourceTree = "<group>";
		};
		AA21EBD12458F56B0000E8EB /* Products */ = {
			isa = PBXGroup;
			children = (
				AA21EBD02458F56B0000E8EB /* sidebar-width.app */,
			);
			name = Products;
			sourceTree = "<group>";
		};
		AA21EBD22458F56B0000E8EB /* sidebar-width */ = {
			isa = PBXGroup;
			children = (
				AA21EBD32458F56B0000E8EB /* AppDelegate.swift */,
				AA21EBD52458F56B0000E8EB /* ContentView.swift */,
				AA21EBD72458F56C0000E8EB /* Assets.xcassets */,
				AA21EBDC2458F56C0000E8EB /* Main.storyboard */,
				AA21EBDF2458F56C0000E8EB /* Info.plist */,
				AA21EBE02458F56C0000E8EB /* sidebar_width.entitlements */,
				AA21EBD92458F56C0000E8EB /* Preview Content */,
			);
			path = "sidebar-width";
			sourceTree = "<group>";
		};
		AA21EBD92458F56C0000E8EB /* Preview Content */ = {
			isa = PBXGroup;
			children = (
				AA21EBDA2458F56C0000E8EB /* Preview Assets.xcassets */,
			);
			path = "Preview Content";
			sourceTree = "<group>";
		};
/* End PBXGroup section */

/* Begin PBXNativeTarget section */
		AA21EBCF2458F56B0000E8EB /* sidebar-width */ = {
			isa = PBXNativeTarget;
			buildConfigurationList = AA21EBE32458F56C0000E8EB /* Build configuration list for PBXNativeTarget "sidebar-width" */;
			buildPhases = (
				AA21EBCC2458F56B0000E8EB /* Sources */,
				AA21EBCD2458F56B0000E8EB /* Frameworks */,
				AA21EBCE2458F56B0000E8EB /* Resources */,
			);
			buildRules = (
			);
			dependencies = (
			);
			name = "sidebar-width";
			productName = "sidebar-width";
			productReference = AA21EBD02458F56B0000E8EB /* sidebar-width.app */;
			productType = "com.apple.product-type.application";
		};
/* End PBXNativeTarget section */

/* Begin PBXProject section */
		AA21EBC82458F56B0000E8EB /* Project object */ = {
			isa = PBXProject;
			attributes = {
				LastSwiftUpdateCheck = 1140;
				LastUpgradeCheck = 1140;
				ORGANIZATIONNAME = "Gavin Wiggins";
				TargetAttributes = {
					AA21EBCF2458F56B0000E8EB = {
						CreatedOnToolsVersion = 11.4.1;
					};
				};
			};
			buildConfigurationList = AA21EBCB2458F56B0000E8EB /* Build configuration list for PBXProject "sidebar-width" */;
			compatibilityVersion = "Xcode 9.3";
			developmentRegion = en;
			hasScannedForEncodings = 0;
			knownRegions = (
				en,
				Base,
			);
			mainGroup = AA21EBC72458F56B0000E8EB;
			productRefGroup = AA21EBD12458F56B0000E8EB /* Products */;
			projectDirPath = "";
			projectRoot = "";
			targets = (
				AA21EBCF2458F56B0000E8EB /* sidebar-width */,
			);
		};
/* End PBXProject section */

/* Begin PBXResourcesBuildPhase section */
		AA21EBCE2458F56B0000E8EB /* Resources */ = {
			isa = PBXResourcesBuildPhase;
			buildActionMask = 2147483647;
			files = (
				AA21EBDE2458F56C0000E8EB /* Main.storyboard in Resources */,
				AA21EBDB2458F56C0000E8EB /* Preview Assets.xcassets in Resources */,
				AA21EBD82458F56C0000E8EB /* Assets.xcassets in Resources */,
			);
			runOnlyForDeploymentPostprocessing = 0;
		};
/* End PBXResourcesBuildPhase section */

/* Begin PBXSourcesBuildPhase section */
		AA21EBCC2458F56B0000E8EB /* Sources */ = {
			isa = PBXSourcesBuildPhase;
			buildActionMask = 2147483647;
			files = (
				AA21EBD62458F56B0000E8EB /* ContentView.swift in Sources */,
				AA21EBD42458F56B0000E8EB /* AppDelegate.swift in Sources */,
			);
			runOnlyForDeploymentPostprocessing = 0;
		};
/* End PBXSourcesBuildPhase section */

/* Begin PBXVariantGroup section */
		AA21EBDC2458F56C0000E8EB /* Main.storyboard */ = {
			isa = PBXVariantGroup;
			children = (
				AA21EBDD2458F56C0000E8EB /* Base */,
			);
			name = Main.storyboard;
			sourceTree = "<group>";
		};
/* End PBXVariantGroup section */

/* Begin XCBuildConfiguration section */
		AA21EBE12458F56C0000E8EB /* Debug */ = {
			isa = XCBuildConfiguration;
			buildSettings = {
				ALWAYS_SEARCH_USER_PATHS = NO;
				CLANG_ANALYZER_NONNULL = YES;
				CLANG_ANALYZER_NUMBER_OBJECT_CONVERSION = YES_AGGRESSIVE;
				CLANG_CXX_LANGUAGE_STANDARD = "gnu++14";
				CLANG_CXX_LIBRARY = "libc++";
				CLANG_ENABLE_MODULES = YES;
				CLANG_ENABLE_OBJC_ARC = YES;
				CLANG_ENABLE_OBJC_WEAK = YES;
				CLANG_WARN_BLOCK_CAPTURE_AUTORELEASING = YES;
				CLANG_WARN_BOOL_CONVERSION = YES;
				CLANG_WARN_COMMA = YES;
				CLANG_WARN_CONSTANT_CONVERSION = YES;
				CLANG_WARN_DEPRECATED_OBJC_IMPLEMENTATIONS = YES;
				CLANG_WARN_DIRECT_OBJC_ISA_USAGE = YES_ERROR;
				CLANG_WARN_DOCUMENTATION_COMMENTS = YES;
				CLANG_WARN_EMPTY_BODY = YES;
				CLANG_WARN_ENUM_CONVERSION = YES;
				CLANG_WARN_INFINITE_RECURSION = YES;
				CLANG_WARN_INT_CONVERSION = YES;
				CLANG_WARN_NON_LITERAL_NULL_CONVERSION = YES;
				CLANG_WARN_OBJC_IMPLICIT_RETAIN_SELF = YES;
				CLANG_WARN_OBJC_LITERAL_CONVERSION = YES;
				CLANG_WARN_OBJC_ROOT_CLASS = YES_ERROR;
				CLANG_WARN_RANGE_LOOP_ANALYSIS = YES;
				CLANG_WARN_STRICT_PROTOTYPES = YES;
				CLANG_WARN_SUSPICIOUS_MOVE = YES;
				CLANG_WARN_UNGUARDED_AVAILABILITY = YES_AGGRESSIVE;
				CLANG_WARN_UNREACHABLE_CODE = YES;
				CLANG_WARN__DUPLICATE_METHOD_MATCH = YES;
				COPY_PHASE_STRIP = NO;
				DEBUG_INFORMATION_FORMAT = dwarf;
				ENABLE_STRICT_OBJC_MSGSEND = YES;
				ENABLE_TESTABILITY = YES;
				GCC_C_LANGUAGE_STANDARD = gnu11;
				GCC_DYNAMIC_NO_PIC = NO;
				GCC_NO_COMMON_BLOCKS = YES;
				GCC_OPTIMIZATION_LEVEL = 0;
				GCC_PREPROCESSOR_DEFINITIONS = (
					"DEBUG=1",
					"$(inherited)",
				);
				GCC_WARN_64_TO_32_BIT_CONVERSION = YES;
				GCC_WARN_ABOUT_RETURN_TYPE = YES_ERROR;
				GCC_WARN_UNDECLARED_SELECTOR = YES;
				GCC_WARN_UNINITIALIZED_AUTOS = YES_AGGRESSIVE;
				GCC_WARN_UNUSED_FUNCTION = YES;
				GCC_WARN_UNUSED_VARIABLE = YES;
				MACOSX_DEPLOYMENT_TARGET = 10.15;
				MTL_ENABLE_DEBUG_INFO = INCLUDE_SOURCE;
				MTL_FAST_MATH = YES;
				ONLY_ACTIVE_ARCH = YES;
				SDKROOT = macosx;
				SWIFT_ACTIVE_COMPILATION_CONDITIONS = DEBUG;
				SWIFT_OPTIMIZATION_LEVEL = "-Onone";
			};
			name = Debug;
		};
		AA21EBE22458F56C0000E8EB /* Release */ = {
			isa = XCBuildConfiguration;
			buildSettings = {
				ALWAYS_SEARCH_USER_PATHS = NO;
				CLANG_ANALYZER_NONNULL = YES;
				CLANG_ANALYZER_NUMBER_OBJECT_CONVERSION = YES_AGGRESSIVE;
				CLANG_CXX_LANGUAGE_STANDARD = "gnu++14";
				CLANG_CXX_LIBRARY = "libc++";
				CLANG_ENABLE_MODULES = YES;
				CLANG_ENABLE_OBJC_ARC = YES;
				CLANG_ENABLE_OBJC_WEAK = YES;
				CLANG_WARN_BLOCK_CAPTURE_AUTORELEASING = YES;
				CLANG_WARN_BOOL_CONVERSION = YES;
				CLANG_WARN_COMMA = YES;
				CLANG_WARN_CONSTANT_CONVERSION = YES;
				CLANG_WARN_DEPRECATED_OBJC_IMPLEMENTATIONS = YES;
				CLANG_WARN_DIRECT_OBJC_ISA_USAGE = YES_ERROR;
				CLANG_WARN_DOCUMENTATION_COMMENTS = YES;
				CLANG_WARN_EMPTY_BODY = YES;
				CLANG_WARN_ENUM_CONVERSION = YES;
				CLANG_WARN_INFINITE_RECURSION = YES;
				CLANG_WARN_INT_CONVERSION = YES;
				CLANG_WARN_NON_LITERAL_NULL_CONVERSION = YES;
				CLANG_WARN_OBJC_IMPLICIT_RETAIN_SELF = YES;
				CLANG_WARN_OBJC_LITERAL_CONVERSION = YES;
				CLANG_WARN_OBJC_ROOT_CLASS = YES_ERROR;
				CLANG_WARN_RANGE_LOOP_ANALYSIS = YES;
				CLANG_WARN_STRICT_PROTOTYPES = YES;
				CLANG_WARN_SUSPICIOUS_MOVE = YES;
				CLANG_WARN_UNGUARDED_AVAILABILITY = YES_AGGRESSIVE;
				CLANG_WARN_UNREACHABLE_CODE = YES;
				CLANG_WARN__DUPLICATE_METHOD_MATCH = YES;
				COPY_PHASE_STRIP = NO;
				DEBUG_INFORMATION_FORMAT = "dwarf-with-dsym";
				ENABLE_NS_ASSERTIONS = NO;
				ENABLE_STRICT_OBJC_MSGSEND = YES;
				GCC_C_LANGUAGE_STANDARD = gnu11;
				GCC_NO_COMMON_BLOCKS = YES;
				GCC_WARN_64_TO_32_BIT_CONVERSION = YES;
				GCC_WARN_ABOUT_RETURN_TYPE = YES_ERROR;
				GCC_WARN_UNDECLARED_SELECTOR = YES;
				GCC_WARN_UNINITIALIZED_AUTOS = YES_AGGRESSIVE;
				GCC_WARN_UNUSED_FUNCTION = YES;
				GCC_WARN_UNUSED_VARIABLE = YES;
				MACOSX_DEPLOYMENT_TARGET = 10.15;
				MTL_ENABLE_DEBUG_INFO = NO;
				MTL_FAST_MATH = YES;
				SDKROOT = macosx;
				SWIFT_COMPILATION_MODE = wholemodule;
				SWIFT_OPTIMIZATION_LEVEL = "-O";
			};
			name = Release;
		};
		AA21EBE42458F56C0000E8EB /* Debug */ = {
			isa = XCBuildConfiguration;
			buildSettings = {
				ASSETCATALOG_COMPILER_APPICON_NAME = AppIcon;
				CODE_SIGN_ENTITLEMENTS = "sidebar-width/sidebar_width.entitlements";
				CODE_SIGN_STYLE = Automatic;
				COMBINE_HIDPI_IMAGES = YES;
				DEVELOPMENT_ASSET_PATHS = "\"sidebar-width/Preview Content\"";
				ENABLE_PREVIEWS = YES;
				INFOPLIST_FILE = "sidebar-width/Info.plist";
				LD_RUNPATH_SEARCH_PATHS = (
					"$(inherited)",
					"@executable_path/../Frameworks",
				);
				MACOSX_DEPLOYMENT_TARGET = 10.15;
				PRODUCT_BUNDLE_IDENTIFIER = "com.GavinWiggins.sidebar-width";
				PRODUCT_NAME = "$(TARGET_NAME)";
				SWIFT_VERSION = 5.0;
			};
			name = Debug;
		};
		AA21EBE52458F56C0000E8EB /* Release */ = {
			isa = XCBuildConfiguration;
			buildSettings = {
				ASSETCATALOG_COMPILER_APPICON_NAME = AppIcon;
				CODE_SIGN_ENTITLEMENTS = "sidebar-width/sidebar_width.entitlements";
				CODE_SIGN_STYLE = Automatic;
				COMBINE_HIDPI_IMAGES = YES;
				DEVELOPMENT_ASSET_PATHS = "\"sidebar-width/Preview Content\"";
				ENABLE_PREVIEWS = YES;
				INFOPLIST_FILE = "sidebar-width/Info.plist";
				LD_RUNPATH_SEARCH_PATHS = (
					"$(inherited)",
					"@executable_path/../Frameworks",
				);
				MACOSX_DEPLOYMENT_TARGET = 10.15;
				PRODUCT_BUNDLE_IDENTIFIER = "com.GavinWiggins.sidebar-width";
				PRODUCT_NAME = "$(TARGET_NAME)";
				SWIFT_VERSION = 5.0;
			};
			name = Release;
		};
/* End XCBuildConfiguration section */

/* Begin XCConfigurationList section */
		AA21EBCB2458F56B0000E8EB /* Build configuration list for PBXProject "sidebar-width" */ = {
			isa = XCConfigurationList;
			buildConfigurations = (
				AA21EBE12458F56C0000E8EB /* Debug */,
				AA21EBE22458F56C0000E8EB /* Release */,
			);
			defaultConfigurationIsVisible = 0;
			defaultConfigurationName = Release;
		};
		AA21EBE32458F56C0000E8EB /* Build configuration list for PBXNativeTarget "sidebar-width" */ = {
			isa = XCConfigurationList;
			buildConfigurations = (
				AA21EBE42458F56C0000E8EB /* Debug */,
				AA21EBE52458F56C0000E8EB /* Release */,
			);
			defaultConfigurationIsVisible = 0;
			defaultConfigurationName = Release;
		};
/* End XCConfigurationList section */
	};
	rootObject = AA21EBC82458F56B0000E8EB /* Project object */;
}
