// !$*UTF8*$!
{
	archiveVersion = 1;
	classes = {
	};
	objectVersion = 50;
	objects = {

/* Begin PBXBuildFile section */
		86C8B7702261A3AF00324CD2 /* AppDelegate.swift in Sources */ = {isa = PBXBuildFile; fileRef = 86C8B76F2261A3AF00324CD2 /* AppDelegate.swift */; };
		86C8B7722261A3AF00324CD2 /* ViewController.swift in Sources */ = {isa = PBXBuildFile; fileRef = 86C8B7712261A3AF00324CD2 /* ViewController.swift */; };
		86C8B7742261A3AF00324CD2 /* Assets.xcassets in Resources */ = {isa = PBXBuildFile; fileRef = 86C8B7732261A3AF00324CD2 /* Assets.xcassets */; };
		86C8B7772261A3AF00324CD2 /* Main.storyboard in Resources */ = {isa = PBXBuildFile; fileRef = 86C8B7752261A3AF00324CD2 /* Main.storyboard */; };
		86C8B7802261A5CB00324CD2 /* ViewA.xib in Resources */ = {isa = PBXBuildFile; fileRef = 86C8B77F2261A5CB00324CD2 /* ViewA.xib */; };
		86C8B7862261A61800324CD2 /* ViewControllerA.swift in Sources */ = {isa = PBXBuildFile; fileRef = 86C8B7852261A61800324CD2 /* ViewControllerA.swift */; };
		86C8B7882261A67500324CD2 /* ViewControllerB.swift in Sources */ = {isa = PBXBuildFile; fileRef = 86C8B7872261A67500324CD2 /* ViewControllerB.swift */; };
		86C8B78A2261A68100324CD2 /* ViewB.xib in Resources */ = {isa = PBXBuildFile; fileRef = 86C8B7892261A68100324CD2 /* ViewB.xib */; };
/* End PBXBuildFile section */

/* Begin PBXFileReference section */
		86C8B76C2261A3AF00324CD2 /* change-view.app */ = {isa = PBXFileReference; explicitFileType = wrapper.application; includeInIndex = 0; path = "change-view.app"; sourceTree = BUILT_PRODUCTS_DIR; };
		86C8B76F2261A3AF00324CD2 /* AppDelegate.swift */ = {isa = PBXFileReference; lastKnownFileType = sourcecode.swift; path = AppDelegate.swift; sourceTree = "<group>"; };
		86C8B7712261A3AF00324CD2 /* ViewController.swift */ = {isa = PBXFileReference; lastKnownFileType = sourcecode.swift; path = ViewController.swift; sourceTree = "<group>"; };
		86C8B7732261A3AF00324CD2 /* Assets.xcassets */ = {isa = PBXFileReference; lastKnownFileType = folder.assetcatalog; path = Assets.xcassets; sourceTree = "<group>"; };
		86C8B7762261A3AF00324CD2 /* Base */ = {isa = PBXFileReference; lastKnownFileType = file.storyboard; name = Base; path = Base.lproj/Main.storyboard; sourceTree = "<group>"; };
		86C8B7782261A3AF00324CD2 /* Info.plist */ = {isa = PBXFileReference; lastKnownFileType = text.plist.xml; path = Info.plist; sourceTree = "<group>"; };
		86C8B7792261A3AF00324CD2 /* change_view.entitlements */ = {isa = PBXFileReference; lastKnownFileType = text.plist.entitlements; path = change_view.entitlements; sourceTree = "<group>"; };
		86C8B77F2261A5CB00324CD2 /* ViewA.xib */ = {isa = PBXFileReference; lastKnownFileType = file.xib; path = ViewA.xib; sourceTree = "<group>"; };
		86C8B7852261A61800324CD2 /* ViewControllerA.swift */ = {isa = PBXFileReference; lastKnownFileType = sourcecode.swift; path = ViewControllerA.swift; sourceTree = "<group>"; };
		86C8B7872261A67500324CD2 /* ViewControllerB.swift */ = {isa = PBXFileReference; lastKnownFileType = sourcecode.swift; path = ViewControllerB.swift; sourceTree = "<group>"; };
		86C8B7892261A68100324CD2 /* ViewB.xib */ = {isa = PBXFileReference; lastKnownFileType = file.xib; path = ViewB.xib; sourceTree = "<group>"; };
/* End PBXFileReference section */

/* Begin PBXFrameworksBuildPhase section */
		86C8B7692261A3AF00324CD2 /* Frameworks */ = {
			isa = PBXFrameworksBuildPhase;
			buildActionMask = 2147483647;
			files = (
			);
			runOnlyForDeploymentPostprocessing = 0;
		};
/* End PBXFrameworksBuildPhase section */

/* Begin PBXGroup section */
		86C8B7632261A3AF00324CD2 = {
			isa = PBXGroup;
			children = (
				86C8B76E2261A3AF00324CD2 /* change-view */,
				86C8B76D2261A3AF00324CD2 /* Products */,
			);
			sourceTree = "<group>";
		};
		86C8B76D2261A3AF00324CD2 /* Products */ = {
			isa = PBXGroup;
			children = (
				86C8B76C2261A3AF00324CD2 /* change-view.app */,
			);
			name = Products;
			sourceTree = "<group>";
		};
		86C8B76E2261A3AF00324CD2 /* change-view */ = {
			isa = PBXGroup;
			children = (
				86C8B76F2261A3AF00324CD2 /* AppDelegate.swift */,
				86C8B7712261A3AF00324CD2 /* ViewController.swift */,
				86C8B7852261A61800324CD2 /* ViewControllerA.swift */,
				86C8B7872261A67500324CD2 /* ViewControllerB.swift */,
				86C8B77F2261A5CB00324CD2 /* ViewA.xib */,
				86C8B7892261A68100324CD2 /* ViewB.xib */,
				86C8B7752261A3AF00324CD2 /* Main.storyboard */,
				86C8B7732261A3AF00324CD2 /* Assets.xcassets */,
				86C8B7782261A3AF00324CD2 /* Info.plist */,
				86C8B7792261A3AF00324CD2 /* change_view.entitlements */,
			);
			path = "change-view";
			sourceTree = "<group>";
		};
/* End PBXGroup section */

/* Begin PBXNativeTarget section */
		86C8B76B2261A3AF00324CD2 /* change-view */ = {
			isa = PBXNativeTarget;
			buildConfigurationList = 86C8B77C2261A3AF00324CD2 /* Build configuration list for PBXNativeTarget "change-view" */;
			buildPhases = (
				86C8B7682261A3AF00324CD2 /* Sources */,
				86C8B7692261A3AF00324CD2 /* Frameworks */,
				86C8B76A2261A3AF00324CD2 /* Resources */,
			);
			buildRules = (
			);
			dependencies = (
			);
			name = "change-view";
			productName = "change-view";
			productReference = 86C8B76C2261A3AF00324CD2 /* change-view.app */;
			productType = "com.apple.product-type.application";
		};
/* End PBXNativeTarget section */

/* Begin PBXProject section */
		86C8B7642261A3AF00324CD2 /* Project object */ = {
			isa = PBXProject;
			attributes = {
				LastSwiftUpdateCheck = 1020;
				LastUpgradeCheck = 1020;
				ORGANIZATIONNAME = Gavin;
				TargetAttributes = {
					86C8B76B2261A3AF00324CD2 = {
						CreatedOnToolsVersion = 10.2;
					};
				};
			};
			buildConfigurationList = 86C8B7672261A3AF00324CD2 /* Build configuration list for PBXProject "change-view" */;
			compatibilityVersion = "Xcode 9.3";
			developmentRegion = en;
			hasScannedForEncodings = 0;
			knownRegions = (
				en,
				Base,
			);
			mainGroup = 86C8B7632261A3AF00324CD2;
			productRefGroup = 86C8B76D2261A3AF00324CD2 /* Products */;
			projectDirPath = "";
			projectRoot = "";
			targets = (
				86C8B76B2261A3AF00324CD2 /* change-view */,
			);
		};
/* End PBXProject section */

/* Begin PBXResourcesBuildPhase section */
		86C8B76A2261A3AF00324CD2 /* Resources */ = {
			isa = PBXResourcesBuildPhase;
			buildActionMask = 2147483647;
			files = (
				86C8B7742261A3AF00324CD2 /* Assets.xcassets in Resources */,
				86C8B7772261A3AF00324CD2 /* Main.storyboard in Resources */,
				86C8B7802261A5CB00324CD2 /* ViewA.xib in Resources */,
				86C8B78A2261A68100324CD2 /* ViewB.xib in Resources */,
			);
			runOnlyForDeploymentPostprocessing = 0;
		};
/* End PBXResourcesBuildPhase section */

/* Begin PBXSourcesBuildPhase section */
		86C8B7682261A3AF00324CD2 /* Sources */ = {
			isa = PBXSourcesBuildPhase;
			buildActionMask = 2147483647;
			files = (
				86C8B7722261A3AF00324CD2 /* ViewController.swift in Sources */,
				86C8B7882261A67500324CD2 /* ViewControllerB.swift in Sources */,
				86C8B7862261A61800324CD2 /* ViewControllerA.swift in Sources */,
				86C8B7702261A3AF00324CD2 /* AppDelegate.swift in Sources */,
			);
			runOnlyForDeploymentPostprocessing = 0;
		};
/* End PBXSourcesBuildPhase section */

/* Begin PBXVariantGroup section */
		86C8B7752261A3AF00324CD2 /* Main.storyboard */ = {
			isa = PBXVariantGroup;
			children = (
				86C8B7762261A3AF00324CD2 /* Base */,
			);
			name = Main.storyboard;
			sourceTree = "<group>";
		};
/* End PBXVariantGroup section */

/* Begin XCBuildConfiguration section */
		86C8B77A2261A3AF00324CD2 /* Debug */ = {
			isa = XCBuildConfiguration;
			buildSettings = {
				ALWAYS_SEARCH_USER_PATHS = NO;
				CLANG_ANALYZER_NONNULL = YES;
				CLANG_ANALYZER_NUMBER_OBJECT_CONVERSION = YES_AGGRESSIVE;
				CLANG_CXX_LANGUAGE_STANDARD = "gnu++14";
				CLANG_CXX_LIBRARY = "libc++";
				CLANG_ENABLE_MODULES = YES;
				CLANG_ENABLE_OBJC_ARC = YES;
				CLANG_ENABLE_OBJC_WEAK = YES;
				CLANG_WARN_BLOCK_CAPTURE_AUTORELEASING = YES;
				CLANG_WARN_BOOL_CONVERSION = YES;
				CLANG_WARN_COMMA = YES;
				CLANG_WARN_CONSTANT_CONVERSION = YES;
				CLANG_WARN_DEPRECATED_OBJC_IMPLEMENTATIONS = YES;
				CLANG_WARN_DIRECT_OBJC_ISA_USAGE = YES_ERROR;
				CLANG_WARN_DOCUMENTATION_COMMENTS = YES;
				CLANG_WARN_EMPTY_BODY = YES;
				CLANG_WARN_ENUM_CONVERSION = YES;
				CLANG_WARN_INFINITE_RECURSION = YES;
				CLANG_WARN_INT_CONVERSION = YES;
				CLANG_WARN_NON_LITERAL_NULL_CONVERSION = YES;
				CLANG_WARN_OBJC_IMPLICIT_RETAIN_SELF = YES;
				CLANG_WARN_OBJC_LITERAL_CONVERSION = YES;
				CLANG_WARN_OBJC_ROOT_CLASS = YES_ERROR;
				CLANG_WARN_RANGE_LOOP_ANALYSIS = YES;
				CLANG_WARN_STRICT_PROTOTYPES = YES;
				CLANG_WARN_SUSPICIOUS_MOVE = YES;
				CLANG_WARN_UNGUARDED_AVAILABILITY = YES_AGGRESSIVE;
				CLANG_WARN_UNREACHABLE_CODE = YES;
				CLANG_WARN__DUPLICATE_METHOD_MATCH = YES;
				CODE_SIGN_IDENTITY = "-";
				COPY_PHASE_STRIP = NO;
				DEBUG_INFORMATION_FORMAT = dwarf;
				ENABLE_STRICT_OBJC_MSGSEND = YES;
				ENABLE_TESTABILITY = YES;
				GCC_C_LANGUAGE_STANDARD = gnu11;
				GCC_DYNAMIC_NO_PIC = NO;
				GCC_NO_COMMON_BLOCKS = YES;
				GCC_OPTIMIZATION_LEVEL = 0;
				GCC_PREPROCESSOR_DEFINITIONS = (
					"DEBUG=1",
					"$(inherited)",
				);
				GCC_WARN_64_TO_32_BIT_CONVERSION = YES;
				GCC_WARN_ABOUT_RETURN_TYPE = YES_ERROR;
				GCC_WARN_UNDECLARED_SELECTOR = YES;
				GCC_WARN_UNINITIALIZED_AUTOS = YES_AGGRESSIVE;
				GCC_WARN_UNUSED_FUNCTION = YES;
				GCC_WARN_UNUSED_VARIABLE = YES;
				MACOSX_DEPLOYMENT_TARGET = 10.14;
				MTL_ENABLE_DEBUG_INFO = INCLUDE_SOURCE;
				MTL_FAST_MATH = YES;
				ONLY_ACTIVE_ARCH = YES;
				SDKROOT = macosx;
				SWIFT_ACTIVE_COMPILATION_CONDITIONS = DEBUG;
				SWIFT_OPTIMIZATION_LEVEL = "-Onone";
			};
			name = Debug;
		};
		86C8B77B2261A3AF00324CD2 /* Release */ = {
			isa = XCBuildConfiguration;
			buildSettings = {
				ALWAYS_SEARCH_USER_PATHS = NO;
				CLANG_ANALYZER_NONNULL = YES;
				CLANG_ANALYZER_NUMBER_OBJECT_CONVERSION = YES_AGGRESSIVE;
				CLANG_CXX_LANGUAGE_STANDARD = "gnu++14";
				CLANG_CXX_LIBRARY = "libc++";
				CLANG_ENABLE_MODULES = YES;
				CLANG_ENABLE_OBJC_ARC = YES;
				CLANG_ENABLE_OBJC_WEAK = YES;
				CLANG_WARN_BLOCK_CAPTURE_AUTORELEASING = YES;
				CLANG_WARN_BOOL_CONVERSION = YES;
				CLANG_WARN_COMMA = YES;
				CLANG_WARN_CONSTANT_CONVERSION = YES;
				CLANG_WARN_DEPRECATED_OBJC_IMPLEMENTATIONS = YES;
				CLANG_WARN_DIRECT_OBJC_ISA_USAGE = YES_ERROR;
				CLANG_WARN_DOCUMENTATION_COMMENTS = YES;
				CLANG_WARN_EMPTY_BODY = YES;
				CLANG_WARN_ENUM_CONVERSION = YES;
				CLANG_WARN_INFINITE_RECURSION = YES;
				CLANG_WARN_INT_CONVERSION = YES;
				CLANG_WARN_NON_LITERAL_NULL_CONVERSION = YES;
				CLANG_WARN_OBJC_IMPLICIT_RETAIN_SELF = YES;
				CLANG_WARN_OBJC_LITERAL_CONVERSION = YES;
				CLANG_WARN_OBJC_ROOT_CLASS = YES_ERROR;
				CLANG_WARN_RANGE_LOOP_ANALYSIS = YES;
				CLANG_WARN_STRICT_PROTOTYPES = YES;
				CLANG_WARN_SUSPICIOUS_MOVE = YES;
				CLANG_WARN_UNGUARDED_AVAILABILITY = YES_AGGRESSIVE;
				CLANG_WARN_UNREACHABLE_CODE = YES;
				CLANG_WARN__DUPLICATE_METHOD_MATCH = YES;
				CODE_SIGN_IDENTITY = "-";
				COPY_PHASE_STRIP = NO;
				DEBUG_INFORMATION_FORMAT = "dwarf-with-dsym";
				ENABLE_NS_ASSERTIONS = NO;
				ENABLE_STRICT_OBJC_MSGSEND = YES;
				GCC_C_LANGUAGE_STANDARD = gnu11;
				GCC_NO_COMMON_BLOCKS = YES;
				GCC_WARN_64_TO_32_BIT_CONVERSION = YES;
				GCC_WARN_ABOUT_RETURN_TYPE = YES_ERROR;
				GCC_WARN_UNDECLARED_SELECTOR = YES;
				GCC_WARN_UNINITIALIZED_AUTOS = YES_AGGRESSIVE;
				GCC_WARN_UNUSED_FUNCTION = YES;
				GCC_WARN_UNUSED_VARIABLE = YES;
				MACOSX_DEPLOYMENT_TARGET = 10.14;
				MTL_ENABLE_DEBUG_INFO = NO;
				MTL_FAST_MATH = YES;
				SDKROOT = macosx;
				SWIFT_COMPILATION_MODE = wholemodule;
				SWIFT_OPTIMIZATION_LEVEL = "-O";
			};
			name = Release;
		};
		86C8B77D2261A3AF00324CD2 /* Debug */ = {
			isa = XCBuildConfiguration;
			buildSettings = {
				ASSETCATALOG_COMPILER_APPICON_NAME = AppIcon;
				CODE_SIGN_ENTITLEMENTS = "change-view/change_view.entitlements";
				CODE_SIGN_STYLE = Automatic;
				COMBINE_HIDPI_IMAGES = YES;
				INFOPLIST_FILE = "change-view/Info.plist";
				LD_RUNPATH_SEARCH_PATHS = (
					"$(inherited)",
					"@executable_path/../Frameworks",
				);
				PRODUCT_BUNDLE_IDENTIFIER = "com.Gavin.change-view";
				PRODUCT_NAME = "$(TARGET_NAME)";
				SWIFT_VERSION = 5.0;
			};
			name = Debug;
		};
		86C8B77E2261A3AF00324CD2 /* Release */ = {
			isa = XCBuildConfiguration;
			buildSettings = {
				ASSETCATALOG_COMPILER_APPICON_NAME = AppIcon;
				CODE_SIGN_ENTITLEMENTS = "change-view/change_view.entitlements";
				CODE_SIGN_STYLE = Automatic;
				COMBINE_HIDPI_IMAGES = YES;
				INFOPLIST_FILE = "change-view/Info.plist";
				LD_RUNPATH_SEARCH_PATHS = (
					"$(inherited)",
					"@executable_path/../Frameworks",
				);
				PRODUCT_BUNDLE_IDENTIFIER = "com.Gavin.change-view";
				PRODUCT_NAME = "$(TARGET_NAME)";
				SWIFT_VERSION = 5.0;
			};
			name = Release;
		};
/* End XCBuildConfiguration section */

/* Begin XCConfigurationList section */
		86C8B7672261A3AF00324CD2 /* Build configuration list for PBXProject "change-view" */ = {
			isa = XCConfigurationList;
			buildConfigurations = (
				86C8B77A2261A3AF00324CD2 /* Debug */,
				86C8B77B2261A3AF00324CD2 /* Release */,
			);
			defaultConfigurationIsVisible = 0;
			defaultConfigurationName = Release;
		};
		86C8B77C2261A3AF00324CD2 /* Build configuration list for PBXNativeTarget "change-view" */ = {
			isa = XCConfigurationList;
			buildConfigurations = (
				86C8B77D2261A3AF00324CD2 /* Debug */,
				86C8B77E2261A3AF00324CD2 /* Release */,
			);
			defaultConfigurationIsVisible = 0;
			defaultConfigurationName = Release;
		};
/* End XCConfigurationList section */
	};
	rootObject = 86C8B7642261A3AF00324CD2 /* Project object */;
}
